// !$*UTF8*$!
{
	archiveVersion = 1;
	classes = {
	};
	objectVersion = 48;
	objects = {

/* Begin PBXBuildFile section */
		2D1732BBBD17DFA0EF69EA40 /* Pods_ARFurnitureUITests.framework in Frameworks */ = {isa = PBXBuildFile; fileRef = 2F2647CD977962E4CE64FFB0 /* Pods_ARFurnitureUITests.framework */; };
		A3A7B33E8AE15E7CF73767F7 /* Pods_ARFurniture.framework in Frameworks */ = {isa = PBXBuildFile; fileRef = 5DA3CDD126CEBB91807EDF46 /* Pods_ARFurniture.framework */; };
		CA12D97B20D6A77000091F5A /* AppDelegate.m in Sources */ = {isa = PBXBuildFile; fileRef = CA12D95520D6A77000091F5A /* AppDelegate.m */; };
		CA12D97C20D6A77000091F5A /* BaseVC.m in Sources */ = {isa = PBXBuildFile; fileRef = CA12D95920D6A77000091F5A /* BaseVC.m */; };
		CA12D97D20D6A77000091F5A /* ExpertsController.m in Sources */ = {isa = PBXBuildFile; fileRef = CA12D95E20D6A77000091F5A /* ExpertsController.m */; };
		CA12D97F20D6A77000091F5A /* MainController.m in Sources */ = {isa = PBXBuildFile; fileRef = CA12D96520D6A77000091F5A /* MainController.m */; };
		CA12D98020D6A77000091F5A /* ProductsController.m in Sources */ = {isa = PBXBuildFile; fileRef = CA12D96820D6A77000091F5A /* ProductsController.m */; };
		CA12D98120D6A77000091F5A /* YALSunnyRefreshControl.m in Sources */ = {isa = PBXBuildFile; fileRef = CA12D96E20D6A77000091F5A /* YALSunnyRefreshControl.m */; };
		CA12D98220D6A77000091F5A /* YALSunnyRefreshControl.xib in Resources */ = {isa = PBXBuildFile; fileRef = CA12D96F20D6A77000091F5A /* YALSunnyRefreshControl.xib */; };
		CA12D98420D6A77000091F5A /* main.m in Sources */ = {isa = PBXBuildFile; fileRef = CA12D97120D6A77000091F5A /* main.m */; };
		CA12D98520D6A77000091F5A /* art.scnassets in Resources */ = {isa = PBXBuildFile; fileRef = CA12D97420D6A77000091F5A /* art.scnassets */; };
		CA12D98720D6A77000091F5A /* LaunchScreen.storyboard in Resources */ = {isa = PBXBuildFile; fileRef = CA12D97720D6A77000091F5A /* LaunchScreen.storyboard */; };
		CA12D98820D6A77000091F5A /* Main.storyboard in Resources */ = {isa = PBXBuildFile; fileRef = CA12D97920D6A77000091F5A /* Main.storyboard */; };
		CA12EDBC20D52D0E008939DF /* ARFurnitureTests.m in Sources */ = {isa = PBXBuildFile; fileRef = CA12EDBB20D52D0E008939DF /* ARFurnitureTests.m */; };
		CA12EDC720D52D0E008939DF /* ARFurnitureUITests.m in Sources */ = {isa = PBXBuildFile; fileRef = CA12EDC620D52D0E008939DF /* ARFurnitureUITests.m */; };
		CA3CEB5120E284C00017A990 /* Products.storyboard in Resources */ = {isa = PBXBuildFile; fileRef = CA3CEB5020E284C00017A990 /* Products.storyboard */; };
		CA3CEB5320E284E60017A990 /* Inspirations.storyboard in Resources */ = {isa = PBXBuildFile; fileRef = CA3CEB5220E284E60017A990 /* Inspirations.storyboard */; };
		CA3CEB5520E285030017A990 /* Experts.storyboard in Resources */ = {isa = PBXBuildFile; fileRef = CA3CEB5420E285030017A990 /* Experts.storyboard */; };
		CA3EB16020DDED7A004E2DFD /* InspirationTableViewCell.m in Sources */ = {isa = PBXBuildFile; fileRef = CA3EB15E20DDED7A004E2DFD /* InspirationTableViewCell.m */; };
		CA3EB16120DDED7A004E2DFD /* InspirationTableViewCell.xib in Resources */ = {isa = PBXBuildFile; fileRef = CA3EB15F20DDED7A004E2DFD /* InspirationTableViewCell.xib */; };
		CA3EB16520DDEDC4004E2DFD /* InspirationController.m in Sources */ = {isa = PBXBuildFile; fileRef = CA3EB16420DDEDC4004E2DFD /* InspirationController.m */; };
		CA3EB16A20DDF3F4004E2DFD /* InspirationStripTableViewCell.m in Sources */ = {isa = PBXBuildFile; fileRef = CA3EB16920DDF3F4004E2DFD /* InspirationStripTableViewCell.m */; };
		CA4127D420E72ABF008DCAF6 /* DetailProductController.m in Sources */ = {isa = PBXBuildFile; fileRef = CA4127D320E72ABF008DCAF6 /* DetailProductController.m */; };
		CA504AFF210873A10021B8A9 /* WelcomeVC.m in Sources */ = {isa = PBXBuildFile; fileRef = CA504AFE210873A10021B8A9 /* WelcomeVC.m */; };
		CA6F13DE2103F2A900C1F8A5 /* InspirationLagreTableViewCell.m in Sources */ = {isa = PBXBuildFile; fileRef = CA6F13DC2103F2A900C1F8A5 /* InspirationLagreTableViewCell.m */; };
		CA6F13DF2103F2A900C1F8A5 /* InspirationLagreTableViewCell.xib in Resources */ = {isa = PBXBuildFile; fileRef = CA6F13DD2103F2A900C1F8A5 /* InspirationLagreTableViewCell.xib */; };
		CA6F13E121041ABC00C1F8A5 /* InspirationStripTableViewCell.xib in Resources */ = {isa = PBXBuildFile; fileRef = CA6F13E021041ABC00C1F8A5 /* InspirationStripTableViewCell.xib */; };
		CA763B1720D96832007BBC24 /* LoginController.m in Sources */ = {isa = PBXBuildFile; fileRef = CA763B1620D96832007BBC24 /* LoginController.m */; };
		CA763BE520D96B60007BBC24 /* CAPSPageMenu.m in Sources */ = {isa = PBXBuildFile; fileRef = CA763BE320D96B5F007BBC24 /* CAPSPageMenu.m */; };
		CA763BEC20D97098007BBC24 /* NavVC.m in Sources */ = {isa = PBXBuildFile; fileRef = CA763BEB20D97098007BBC24 /* NavVC.m */; };
		CA778A9B20DBEFD60043C071 /* ProductsCollectionViewCell.m in Sources */ = {isa = PBXBuildFile; fileRef = CA778A9920DBEFD60043C071 /* ProductsCollectionViewCell.m */; };
		CA778A9C20DBEFD60043C071 /* ProductsCollectionViewCell.xib in Resources */ = {isa = PBXBuildFile; fileRef = CA778A9A20DBEFD60043C071 /* ProductsCollectionViewCell.xib */; };
		CA7C9AD420FCA64F00F1143B /* ARAlertController.m in Sources */ = {isa = PBXBuildFile; fileRef = CA7C9AD320FCA64F00F1143B /* ARAlertController.m */; };
		CA7C9AD720FCA65700F1143B /* ARSCNViewControl.m in Sources */ = {isa = PBXBuildFile; fileRef = CA7C9AD620FCA65700F1143B /* ARSCNViewControl.m */; };
		CA7C9ADA20FCA65E00F1143B /* ARGestureControl.m in Sources */ = {isa = PBXBuildFile; fileRef = CA7C9AD820FCA65E00F1143B /* ARGestureControl.m */; };
		CA7C9ADD20FCA66400F1143B /* ARViewController.m in Sources */ = {isa = PBXBuildFile; fileRef = CA7C9ADB20FCA66400F1143B /* ARViewController.m */; };
		CA7C9AE720FCACE300F1143B /* Assets.xcassets in Resources */ = {isa = PBXBuildFile; fileRef = CA7C9AE620FCACE300F1143B /* Assets.xcassets */; };
		CA7C9AFB20FCAF4E00F1143B /* SlideNavigationContorllerAnimatorFade.m in Sources */ = {isa = PBXBuildFile; fileRef = CA7C9AF020FCAF4E00F1143B /* SlideNavigationContorllerAnimatorFade.m */; };
		CA7C9AFC20FCAF4E00F1143B /* SlideNavigationContorllerAnimatorScale.m in Sources */ = {isa = PBXBuildFile; fileRef = CA7C9AF220FCAF4E00F1143B /* SlideNavigationContorllerAnimatorScale.m */; };
		CA7C9AFD20FCAF4E00F1143B /* SlideNavigationContorllerAnimatorScaleAndFade.m in Sources */ = {isa = PBXBuildFile; fileRef = CA7C9AF420FCAF4E00F1143B /* SlideNavigationContorllerAnimatorScaleAndFade.m */; };
		CA7C9AFE20FCAF4E00F1143B /* SlideNavigationContorllerAnimatorSlide.m in Sources */ = {isa = PBXBuildFile; fileRef = CA7C9AF620FCAF4E00F1143B /* SlideNavigationContorllerAnimatorSlide.m */; };
		CA7C9AFF20FCAF4E00F1143B /* SlideNavigationContorllerAnimatorSlideAndFade.m in Sources */ = {isa = PBXBuildFile; fileRef = CA7C9AF820FCAF4E00F1143B /* SlideNavigationContorllerAnimatorSlideAndFade.m */; };
		CA7C9B0020FCAF4E00F1143B /* SlideNavigationController.m in Sources */ = {isa = PBXBuildFile; fileRef = CA7C9AFA20FCAF4E00F1143B /* SlideNavigationController.m */; };
		CA7C9B0320FCAF7800F1143B /* BaseCell.m in Sources */ = {isa = PBXBuildFile; fileRef = CA7C9B0220FCAF7800F1143B /* BaseCell.m */; };
		CA7C9B0520FCB09100F1143B /* Info.plist in Resources */ = {isa = PBXBuildFile; fileRef = CA7C9B0420FCB09100F1143B /* Info.plist */; };
		CA98F34520DAB2CB00ECF795 /* MenuVC.m in Sources */ = {isa = PBXBuildFile; fileRef = CA98F34420DAB2CB00ECF795 /* MenuVC.m */; };
		CA98F34C20DAB2FA00ECF795 /* BaseTBV.m in Sources */ = {isa = PBXBuildFile; fileRef = CA98F34820DAB2FA00ECF795 /* BaseTBV.m */; };
		CA98F34D20DAB2FA00ECF795 /* BaseClv.m in Sources */ = {isa = PBXBuildFile; fileRef = CA98F34B20DAB2FA00ECF795 /* BaseClv.m */; };
		CA98F35120DAB30D00ECF795 /* BaseColCell.m in Sources */ = {isa = PBXBuildFile; fileRef = CA98F35020DAB30D00ECF795 /* BaseColCell.m */; };
		CA98F35520DAB31700ECF795 /* BaseDto.m in Sources */ = {isa = PBXBuildFile; fileRef = CA98F35420DAB31700ECF795 /* BaseDto.m */; };
		CA98F37F20DAB39700ECF795 /* UIButton+Button.m in Sources */ = {isa = PBXBuildFile; fileRef = CA98F35E20DAB39700ECF795 /* UIButton+Button.m */; };
		CA98F38020DAB39700ECF795 /* HButton.m in Sources */ = {isa = PBXBuildFile; fileRef = CA98F36120DAB39700ECF795 /* HButton.m */; };
		CA98F38120DAB39700ECF795 /* NSDateFormatter+Util.m in Sources */ = {isa = PBXBuildFile; fileRef = CA98F37220DAB39700ECF795 /* NSDateFormatter+Util.m */; };
		CA98F38220DAB39700ECF795 /* NSDate+NSDateEx.m in Sources */ = {isa = PBXBuildFile; fileRef = CA98F37520DAB39700ECF795 /* NSDate+NSDateEx.m */; };
		CA98F38320DAB39700ECF795 /* NSTimeZone+Util.m in Sources */ = {isa = PBXBuildFile; fileRef = CA98F37820DAB39700ECF795 /* NSTimeZone+Util.m */; };
		CA98F38420DAB39700ECF795 /* NSString+Util.m in Sources */ = {isa = PBXBuildFile; fileRef = CA98F37B20DAB39700ECF795 /* NSString+Util.m */; };
		CA98F38520DAB39700ECF795 /* UIView+Util.m in Sources */ = {isa = PBXBuildFile; fileRef = CA98F37E20DAB39700ECF795 /* UIView+Util.m */; };
		CAC3C6792101B8D4001CCAFF /* DetailProductSectionCell.m in Sources */ = {isa = PBXBuildFile; fileRef = CAC3C6782101B8D4001CCAFF /* DetailProductSectionCell.m */; };
		CAC3C67C2101B8EE001CCAFF /* DetailProductOverviewCell.m in Sources */ = {isa = PBXBuildFile; fileRef = CAC3C67B2101B8EE001CCAFF /* DetailProductOverviewCell.m */; };
		CAE0F89020E7320000957367 /* TYCyclePagerTransformLayout.m in Sources */ = {isa = PBXBuildFile; fileRef = CAE0F88B20E7320000957367 /* TYCyclePagerTransformLayout.m */; };
		CAE0F89120E7320000957367 /* TYCyclePagerView.m in Sources */ = {isa = PBXBuildFile; fileRef = CAE0F88D20E7320000957367 /* TYCyclePagerView.m */; };
		CAE0F89220E7320000957367 /* TYPageControl.m in Sources */ = {isa = PBXBuildFile; fileRef = CAE0F88F20E7320000957367 /* TYPageControl.m */; };
		CAE0F89A20E7348600957367 /* DetailProductCell.m in Sources */ = {isa = PBXBuildFile; fileRef = CAE0F89820E7348600957367 /* DetailProductCell.m */; };
		CAE0F89B20E7348600957367 /* DetailProductCell.xib in Resources */ = {isa = PBXBuildFile; fileRef = CAE0F89920E7348600957367 /* DetailProductCell.xib */; };
/* End PBXBuildFile section */

/* Begin PBXContainerItemProxy section */
		CA12EDB820D52D0E008939DF /* PBXContainerItemProxy */ = {
			isa = PBXContainerItemProxy;
			containerPortal = CA12ED9520D52D0E008939DF /* Project object */;
			proxyType = 1;
			remoteGlobalIDString = CA12ED9C20D52D0E008939DF;
			remoteInfo = ARFurniture;
		};
		CA12EDC320D52D0E008939DF /* PBXContainerItemProxy */ = {
			isa = PBXContainerItemProxy;
			containerPortal = CA12ED9520D52D0E008939DF /* Project object */;
			proxyType = 1;
			remoteGlobalIDString = CA12ED9C20D52D0E008939DF;
			remoteInfo = ARFurniture;
		};
/* End PBXContainerItemProxy section */

/* Begin PBXFileReference section */
		21BDA3B28157F8A89BA4C51A /* Pods-ARFurnitureUITests.debug.xcconfig */ = {isa = PBXFileReference; includeInIndex = 1; lastKnownFileType = text.xcconfig; name = "Pods-ARFurnitureUITests.debug.xcconfig"; path = "Pods/Target Support Files/Pods-ARFurnitureUITests/Pods-ARFurnitureUITests.debug.xcconfig"; sourceTree = "<group>"; };
		2F2647CD977962E4CE64FFB0 /* Pods_ARFurnitureUITests.framework */ = {isa = PBXFileReference; explicitFileType = wrapper.framework; includeInIndex = 0; path = Pods_ARFurnitureUITests.framework; sourceTree = BUILT_PRODUCTS_DIR; };
		5DA3CDD126CEBB91807EDF46 /* Pods_ARFurniture.framework */ = {isa = PBXFileReference; explicitFileType = wrapper.framework; includeInIndex = 0; path = Pods_ARFurniture.framework; sourceTree = BUILT_PRODUCTS_DIR; };
		86251809F3CB855E5E89DD32 /* Pods-ARFurniture.release.xcconfig */ = {isa = PBXFileReference; includeInIndex = 1; lastKnownFileType = text.xcconfig; name = "Pods-ARFurniture.release.xcconfig"; path = "Pods/Target Support Files/Pods-ARFurniture/Pods-ARFurniture.release.xcconfig"; sourceTree = "<group>"; };
		88AA19E577C776CEBC080CF3 /* Pods-ARFurniture.debug.xcconfig */ = {isa = PBXFileReference; includeInIndex = 1; lastKnownFileType = text.xcconfig; name = "Pods-ARFurniture.debug.xcconfig"; path = "Pods/Target Support Files/Pods-ARFurniture/Pods-ARFurniture.debug.xcconfig"; sourceTree = "<group>"; };
		C13144CFE5F8193B1CB76601 /* Pods-ARFurnitureUITests.release.xcconfig */ = {isa = PBXFileReference; includeInIndex = 1; lastKnownFileType = text.xcconfig; name = "Pods-ARFurnitureUITests.release.xcconfig"; path = "Pods/Target Support Files/Pods-ARFurnitureUITests/Pods-ARFurnitureUITests.release.xcconfig"; sourceTree = "<group>"; };
		CA12D95420D6A77000091F5A /* AppDelegate.h */ = {isa = PBXFileReference; fileEncoding = 4; lastKnownFileType = sourcecode.c.h; path = AppDelegate.h; sourceTree = "<group>"; };
		CA12D95520D6A77000091F5A /* AppDelegate.m */ = {isa = PBXFileReference; fileEncoding = 4; lastKnownFileType = sourcecode.c.objc; path = AppDelegate.m; sourceTree = "<group>"; };
		CA12D95820D6A77000091F5A /* BaseVC.h */ = {isa = PBXFileReference; fileEncoding = 4; lastKnownFileType = sourcecode.c.h; path = BaseVC.h; sourceTree = "<group>"; };
		CA12D95920D6A77000091F5A /* BaseVC.m */ = {isa = PBXFileReference; fileEncoding = 4; lastKnownFileType = sourcecode.c.objc; path = BaseVC.m; sourceTree = "<group>"; };
		CA12D95D20D6A77000091F5A /* ExpertsController.h */ = {isa = PBXFileReference; fileEncoding = 4; lastKnownFileType = sourcecode.c.h; path = ExpertsController.h; sourceTree = "<group>"; };
		CA12D95E20D6A77000091F5A /* ExpertsController.m */ = {isa = PBXFileReference; fileEncoding = 4; lastKnownFileType = sourcecode.c.objc; path = ExpertsController.m; sourceTree = "<group>"; };
		CA12D96420D6A77000091F5A /* MainController.h */ = {isa = PBXFileReference; fileEncoding = 4; lastKnownFileType = sourcecode.c.h; path = MainController.h; sourceTree = "<group>"; };
		CA12D96520D6A77000091F5A /* MainController.m */ = {isa = PBXFileReference; fileEncoding = 4; lastKnownFileType = sourcecode.c.objc; path = MainController.m; sourceTree = "<group>"; };
		CA12D96720D6A77000091F5A /* ProductsController.h */ = {isa = PBXFileReference; fileEncoding = 4; lastKnownFileType = sourcecode.c.h; path = ProductsController.h; sourceTree = "<group>"; };
		CA12D96820D6A77000091F5A /* ProductsController.m */ = {isa = PBXFileReference; fileEncoding = 4; lastKnownFileType = sourcecode.c.objc; path = ProductsController.m; sourceTree = "<group>"; };
		CA12D96D20D6A77000091F5A /* YALSunnyRefreshControl.h */ = {isa = PBXFileReference; fileEncoding = 4; lastKnownFileType = sourcecode.c.h; path = YALSunnyRefreshControl.h; sourceTree = "<group>"; };
		CA12D96E20D6A77000091F5A /* YALSunnyRefreshControl.m */ = {isa = PBXFileReference; fileEncoding = 4; lastKnownFileType = sourcecode.c.objc; path = YALSunnyRefreshControl.m; sourceTree = "<group>"; };
		CA12D96F20D6A77000091F5A /* YALSunnyRefreshControl.xib */ = {isa = PBXFileReference; fileEncoding = 4; lastKnownFileType = file.xib; path = YALSunnyRefreshControl.xib; sourceTree = "<group>"; };
		CA12D97120D6A77000091F5A /* main.m */ = {isa = PBXFileReference; fileEncoding = 4; lastKnownFileType = sourcecode.c.objc; path = main.m; sourceTree = "<group>"; };
		CA12D97420D6A77000091F5A /* art.scnassets */ = {isa = PBXFileReference; lastKnownFileType = wrapper.scnassets; path = art.scnassets; sourceTree = "<group>"; };
		CA12D97820D6A77000091F5A /* Base */ = {isa = PBXFileReference; lastKnownFileType = file.storyboard; name = Base; path = Base.lproj/LaunchScreen.storyboard; sourceTree = "<group>"; };
		CA12D97A20D6A77000091F5A /* Base */ = {isa = PBXFileReference; lastKnownFileType = file.storyboard; name = Base; path = Base.lproj/Main.storyboard; sourceTree = "<group>"; };
		CA12ED9D20D52D0E008939DF /* ARFurniture.app */ = {isa = PBXFileReference; explicitFileType = wrapper.application; includeInIndex = 0; path = ARFurniture.app; sourceTree = BUILT_PRODUCTS_DIR; };
		CA12EDB720D52D0E008939DF /* ARFurnitureTests.xctest */ = {isa = PBXFileReference; explicitFileType = wrapper.cfbundle; includeInIndex = 0; path = ARFurnitureTests.xctest; sourceTree = BUILT_PRODUCTS_DIR; };
		CA12EDBB20D52D0E008939DF /* ARFurnitureTests.m */ = {isa = PBXFileReference; lastKnownFileType = sourcecode.c.objc; path = ARFurnitureTests.m; sourceTree = "<group>"; };
		CA12EDBD20D52D0E008939DF /* Info.plist */ = {isa = PBXFileReference; lastKnownFileType = text.plist.xml; path = Info.plist; sourceTree = "<group>"; };
		CA12EDC220D52D0E008939DF /* ARFurnitureUITests.xctest */ = {isa = PBXFileReference; explicitFileType = wrapper.cfbundle; includeInIndex = 0; path = ARFurnitureUITests.xctest; sourceTree = BUILT_PRODUCTS_DIR; };
		CA12EDC620D52D0E008939DF /* ARFurnitureUITests.m */ = {isa = PBXFileReference; lastKnownFileType = sourcecode.c.objc; path = ARFurnitureUITests.m; sourceTree = "<group>"; };
		CA12EDC820D52D0E008939DF /* Info.plist */ = {isa = PBXFileReference; lastKnownFileType = text.plist.xml; path = Info.plist; sourceTree = "<group>"; };
		CA3CEB5020E284C00017A990 /* Products.storyboard */ = {isa = PBXFileReference; lastKnownFileType = file.storyboard; path = Products.storyboard; sourceTree = "<group>"; };
		CA3CEB5220E284E60017A990 /* Inspirations.storyboard */ = {isa = PBXFileReference; lastKnownFileType = file.storyboard; path = Inspirations.storyboard; sourceTree = "<group>"; };
		CA3CEB5420E285030017A990 /* Experts.storyboard */ = {isa = PBXFileReference; lastKnownFileType = file.storyboard; path = Experts.storyboard; sourceTree = "<group>"; };
		CA3EB15D20DDED7A004E2DFD /* InspirationTableViewCell.h */ = {isa = PBXFileReference; lastKnownFileType = sourcecode.c.h; path = InspirationTableViewCell.h; sourceTree = "<group>"; };
		CA3EB15E20DDED7A004E2DFD /* InspirationTableViewCell.m */ = {isa = PBXFileReference; lastKnownFileType = sourcecode.c.objc; path = InspirationTableViewCell.m; sourceTree = "<group>"; };
		CA3EB15F20DDED7A004E2DFD /* InspirationTableViewCell.xib */ = {isa = PBXFileReference; lastKnownFileType = file.xib; path = InspirationTableViewCell.xib; sourceTree = "<group>"; };
		CA3EB16320DDEDC4004E2DFD /* InspirationController.h */ = {isa = PBXFileReference; lastKnownFileType = sourcecode.c.h; path = InspirationController.h; sourceTree = "<group>"; };
		CA3EB16420DDEDC4004E2DFD /* InspirationController.m */ = {isa = PBXFileReference; lastKnownFileType = sourcecode.c.objc; path = InspirationController.m; sourceTree = "<group>"; };
		CA3EB16820DDF3F4004E2DFD /* InspirationStripTableViewCell.h */ = {isa = PBXFileReference; lastKnownFileType = sourcecode.c.h; path = InspirationStripTableViewCell.h; sourceTree = "<group>"; };
		CA3EB16920DDF3F4004E2DFD /* InspirationStripTableViewCell.m */ = {isa = PBXFileReference; lastKnownFileType = sourcecode.c.objc; path = InspirationStripTableViewCell.m; sourceTree = "<group>"; };
		CA4127D220E72ABF008DCAF6 /* DetailProductController.h */ = {isa = PBXFileReference; lastKnownFileType = sourcecode.c.h; path = DetailProductController.h; sourceTree = "<group>"; };
		CA4127D320E72ABF008DCAF6 /* DetailProductController.m */ = {isa = PBXFileReference; lastKnownFileType = sourcecode.c.objc; path = DetailProductController.m; sourceTree = "<group>"; };
		CA504AFD210873A10021B8A9 /* WelcomeVC.h */ = {isa = PBXFileReference; lastKnownFileType = sourcecode.c.h; path = WelcomeVC.h; sourceTree = "<group>"; };
		CA504AFE210873A10021B8A9 /* WelcomeVC.m */ = {isa = PBXFileReference; lastKnownFileType = sourcecode.c.objc; path = WelcomeVC.m; sourceTree = "<group>"; };
		CA6F13DB2103F2A900C1F8A5 /* InspirationLagreTableViewCell.h */ = {isa = PBXFileReference; lastKnownFileType = sourcecode.c.h; path = InspirationLagreTableViewCell.h; sourceTree = "<group>"; };
		CA6F13DC2103F2A900C1F8A5 /* InspirationLagreTableViewCell.m */ = {isa = PBXFileReference; lastKnownFileType = sourcecode.c.objc; path = InspirationLagreTableViewCell.m; sourceTree = "<group>"; };
		CA6F13DD2103F2A900C1F8A5 /* InspirationLagreTableViewCell.xib */ = {isa = PBXFileReference; lastKnownFileType = file.xib; path = InspirationLagreTableViewCell.xib; sourceTree = "<group>"; };
		CA6F13E021041ABC00C1F8A5 /* InspirationStripTableViewCell.xib */ = {isa = PBXFileReference; lastKnownFileType = file.xib; path = InspirationStripTableViewCell.xib; sourceTree = "<group>"; };
		CA763B1520D96832007BBC24 /* LoginController.h */ = {isa = PBXFileReference; lastKnownFileType = sourcecode.c.h; path = LoginController.h; sourceTree = "<group>"; };
		CA763B1620D96832007BBC24 /* LoginController.m */ = {isa = PBXFileReference; lastKnownFileType = sourcecode.c.objc; path = LoginController.m; sourceTree = "<group>"; };
		CA763BE320D96B5F007BBC24 /* CAPSPageMenu.m */ = {isa = PBXFileReference; fileEncoding = 4; lastKnownFileType = sourcecode.c.objc; path = CAPSPageMenu.m; sourceTree = "<group>"; };
		CA763BE420D96B60007BBC24 /* CAPSPageMenu.h */ = {isa = PBXFileReference; fileEncoding = 4; lastKnownFileType = sourcecode.c.h; path = CAPSPageMenu.h; sourceTree = "<group>"; };
		CA763BEA20D97098007BBC24 /* NavVC.h */ = {isa = PBXFileReference; lastKnownFileType = sourcecode.c.h; path = NavVC.h; sourceTree = "<group>"; };
		CA763BEB20D97098007BBC24 /* NavVC.m */ = {isa = PBXFileReference; lastKnownFileType = sourcecode.c.objc; path = NavVC.m; sourceTree = "<group>"; };
		CA778A9820DBEFD60043C071 /* ProductsCollectionViewCell.h */ = {isa = PBXFileReference; lastKnownFileType = sourcecode.c.h; path = ProductsCollectionViewCell.h; sourceTree = "<group>"; };
		CA778A9920DBEFD60043C071 /* ProductsCollectionViewCell.m */ = {isa = PBXFileReference; lastKnownFileType = sourcecode.c.objc; path = ProductsCollectionViewCell.m; sourceTree = "<group>"; };
		CA778A9A20DBEFD60043C071 /* ProductsCollectionViewCell.xib */ = {isa = PBXFileReference; lastKnownFileType = file.xib; path = ProductsCollectionViewCell.xib; sourceTree = "<group>"; };
		CA7C9AD220FCA64F00F1143B /* ARAlertController.h */ = {isa = PBXFileReference; fileEncoding = 4; lastKnownFileType = sourcecode.c.h; path = ARAlertController.h; sourceTree = "<group>"; };
		CA7C9AD320FCA64F00F1143B /* ARAlertController.m */ = {isa = PBXFileReference; fileEncoding = 4; lastKnownFileType = sourcecode.c.objc; path = ARAlertController.m; sourceTree = "<group>"; };
		CA7C9AD520FCA65700F1143B /* ARSCNViewControl.h */ = {isa = PBXFileReference; fileEncoding = 4; lastKnownFileType = sourcecode.c.h; path = ARSCNViewControl.h; sourceTree = "<group>"; };
		CA7C9AD620FCA65700F1143B /* ARSCNViewControl.m */ = {isa = PBXFileReference; fileEncoding = 4; lastKnownFileType = sourcecode.c.objc; path = ARSCNViewControl.m; sourceTree = "<group>"; };
		CA7C9AD820FCA65E00F1143B /* ARGestureControl.m */ = {isa = PBXFileReference; fileEncoding = 4; lastKnownFileType = sourcecode.c.objc; path = ARGestureControl.m; sourceTree = "<group>"; };
		CA7C9AD920FCA65E00F1143B /* ARGestureControl.h */ = {isa = PBXFileReference; fileEncoding = 4; lastKnownFileType = sourcecode.c.h; path = ARGestureControl.h; sourceTree = "<group>"; };
		CA7C9ADB20FCA66400F1143B /* ARViewController.m */ = {isa = PBXFileReference; fileEncoding = 4; lastKnownFileType = sourcecode.c.objc; path = ARViewController.m; sourceTree = "<group>"; };
		CA7C9ADC20FCA66400F1143B /* ARViewController.h */ = {isa = PBXFileReference; fileEncoding = 4; lastKnownFileType = sourcecode.c.h; path = ARViewController.h; sourceTree = "<group>"; };
		CA7C9AE620FCACE300F1143B /* Assets.xcassets */ = {isa = PBXFileReference; lastKnownFileType = folder.assetcatalog; name = Assets.xcassets; path = ARFurniture/Resources/Images/Assets.xcassets; sourceTree = SOURCE_ROOT; };
		CA7C9AEE20FCAF4E00F1143B /* SlideNavigationContorllerAnimator.h */ = {isa = PBXFileReference; fileEncoding = 4; lastKnownFileType = sourcecode.c.h; path = SlideNavigationContorllerAnimator.h; sourceTree = "<group>"; };
		CA7C9AEF20FCAF4E00F1143B /* SlideNavigationContorllerAnimatorFade.h */ = {isa = PBXFileReference; fileEncoding = 4; lastKnownFileType = sourcecode.c.h; path = SlideNavigationContorllerAnimatorFade.h; sourceTree = "<group>"; };
		CA7C9AF020FCAF4E00F1143B /* SlideNavigationContorllerAnimatorFade.m */ = {isa = PBXFileReference; fileEncoding = 4; lastKnownFileType = sourcecode.c.objc; path = SlideNavigationContorllerAnimatorFade.m; sourceTree = "<group>"; };
		CA7C9AF120FCAF4E00F1143B /* SlideNavigationContorllerAnimatorScale.h */ = {isa = PBXFileReference; fileEncoding = 4; lastKnownFileType = sourcecode.c.h; path = SlideNavigationContorllerAnimatorScale.h; sourceTree = "<group>"; };
		CA7C9AF220FCAF4E00F1143B /* SlideNavigationContorllerAnimatorScale.m */ = {isa = PBXFileReference; fileEncoding = 4; lastKnownFileType = sourcecode.c.objc; path = SlideNavigationContorllerAnimatorScale.m; sourceTree = "<group>"; };
		CA7C9AF320FCAF4E00F1143B /* SlideNavigationContorllerAnimatorScaleAndFade.h */ = {isa = PBXFileReference; fileEncoding = 4; lastKnownFileType = sourcecode.c.h; path = SlideNavigationContorllerAnimatorScaleAndFade.h; sourceTree = "<group>"; };
		CA7C9AF420FCAF4E00F1143B /* SlideNavigationContorllerAnimatorScaleAndFade.m */ = {isa = PBXFileReference; fileEncoding = 4; lastKnownFileType = sourcecode.c.objc; path = SlideNavigationContorllerAnimatorScaleAndFade.m; sourceTree = "<group>"; };
		CA7C9AF520FCAF4E00F1143B /* SlideNavigationContorllerAnimatorSlide.h */ = {isa = PBXFileReference; fileEncoding = 4; lastKnownFileType = sourcecode.c.h; path = SlideNavigationContorllerAnimatorSlide.h; sourceTree = "<group>"; };
		CA7C9AF620FCAF4E00F1143B /* SlideNavigationContorllerAnimatorSlide.m */ = {isa = PBXFileReference; fileEncoding = 4; lastKnownFileType = sourcecode.c.objc; path = SlideNavigationContorllerAnimatorSlide.m; sourceTree = "<group>"; };
		CA7C9AF720FCAF4E00F1143B /* SlideNavigationContorllerAnimatorSlideAndFade.h */ = {isa = PBXFileReference; fileEncoding = 4; lastKnownFileType = sourcecode.c.h; path = SlideNavigationContorllerAnimatorSlideAndFade.h; sourceTree = "<group>"; };
		CA7C9AF820FCAF4E00F1143B /* SlideNavigationContorllerAnimatorSlideAndFade.m */ = {isa = PBXFileReference; fileEncoding = 4; lastKnownFileType = sourcecode.c.objc; path = SlideNavigationContorllerAnimatorSlideAndFade.m; sourceTree = "<group>"; };
		CA7C9AF920FCAF4E00F1143B /* SlideNavigationController.h */ = {isa = PBXFileReference; fileEncoding = 4; lastKnownFileType = sourcecode.c.h; path = SlideNavigationController.h; sourceTree = "<group>"; };
		CA7C9AFA20FCAF4E00F1143B /* SlideNavigationController.m */ = {isa = PBXFileReference; fileEncoding = 4; lastKnownFileType = sourcecode.c.objc; path = SlideNavigationController.m; sourceTree = "<group>"; };
		CA7C9B0120FCAF7800F1143B /* BaseCell.h */ = {isa = PBXFileReference; fileEncoding = 4; lastKnownFileType = sourcecode.c.h; path = BaseCell.h; sourceTree = "<group>"; };
		CA7C9B0220FCAF7800F1143B /* BaseCell.m */ = {isa = PBXFileReference; fileEncoding = 4; lastKnownFileType = sourcecode.c.objc; path = BaseCell.m; sourceTree = "<group>"; };
		CA7C9B0420FCB09100F1143B /* Info.plist */ = {isa = PBXFileReference; fileEncoding = 4; lastKnownFileType = text.plist.xml; name = Info.plist; path = ARFurniture/Info.plist; sourceTree = "<group>"; };
		CA98F34320DAB2CB00ECF795 /* MenuVC.h */ = {isa = PBXFileReference; fileEncoding = 4; lastKnownFileType = sourcecode.c.h; path = MenuVC.h; sourceTree = "<group>"; };
		CA98F34420DAB2CB00ECF795 /* MenuVC.m */ = {isa = PBXFileReference; fileEncoding = 4; lastKnownFileType = sourcecode.c.objc; path = MenuVC.m; sourceTree = "<group>"; };
		CA98F34720DAB2FA00ECF795 /* BaseTBV.h */ = {isa = PBXFileReference; fileEncoding = 4; lastKnownFileType = sourcecode.c.h; path = BaseTBV.h; sourceTree = "<group>"; };
		CA98F34820DAB2FA00ECF795 /* BaseTBV.m */ = {isa = PBXFileReference; fileEncoding = 4; lastKnownFileType = sourcecode.c.objc; path = BaseTBV.m; sourceTree = "<group>"; };
		CA98F34A20DAB2FA00ECF795 /* BaseClv.h */ = {isa = PBXFileReference; fileEncoding = 4; lastKnownFileType = sourcecode.c.h; path = BaseClv.h; sourceTree = "<group>"; };
		CA98F34B20DAB2FA00ECF795 /* BaseClv.m */ = {isa = PBXFileReference; fileEncoding = 4; lastKnownFileType = sourcecode.c.objc; path = BaseClv.m; sourceTree = "<group>"; };
		CA98F34F20DAB30D00ECF795 /* BaseColCell.h */ = {isa = PBXFileReference; fileEncoding = 4; lastKnownFileType = sourcecode.c.h; path = BaseColCell.h; sourceTree = "<group>"; };
		CA98F35020DAB30D00ECF795 /* BaseColCell.m */ = {isa = PBXFileReference; fileEncoding = 4; lastKnownFileType = sourcecode.c.objc; path = BaseColCell.m; sourceTree = "<group>"; };
		CA98F35320DAB31700ECF795 /* BaseDto.h */ = {isa = PBXFileReference; fileEncoding = 4; lastKnownFileType = sourcecode.c.h; path = BaseDto.h; sourceTree = "<group>"; };
		CA98F35420DAB31700ECF795 /* BaseDto.m */ = {isa = PBXFileReference; fileEncoding = 4; lastKnownFileType = sourcecode.c.objc; path = BaseDto.m; sourceTree = "<group>"; };
		CA98F35A20DAB33200ECF795 /* define.h */ = {isa = PBXFileReference; fileEncoding = 4; lastKnownFileType = sourcecode.c.h; path = define.h; sourceTree = "<group>"; };
		CA98F35D20DAB39700ECF795 /* UIButton+Button.h */ = {isa = PBXFileReference; fileEncoding = 4; lastKnownFileType = sourcecode.c.h; path = "UIButton+Button.h"; sourceTree = "<group>"; };
		CA98F35E20DAB39700ECF795 /* UIButton+Button.m */ = {isa = PBXFileReference; fileEncoding = 4; lastKnownFileType = sourcecode.c.objc; path = "UIButton+Button.m"; sourceTree = "<group>"; };
		CA98F36020DAB39700ECF795 /* HButton.h */ = {isa = PBXFileReference; fileEncoding = 4; lastKnownFileType = sourcecode.c.h; path = HButton.h; sourceTree = "<group>"; };
		CA98F36120DAB39700ECF795 /* HButton.m */ = {isa = PBXFileReference; fileEncoding = 4; lastKnownFileType = sourcecode.c.objc; path = HButton.m; sourceTree = "<group>"; };
		CA98F37120DAB39700ECF795 /* NSDateFormatter+Util.h */ = {isa = PBXFileReference; fileEncoding = 4; lastKnownFileType = sourcecode.c.h; path = "NSDateFormatter+Util.h"; sourceTree = "<group>"; };
		CA98F37220DAB39700ECF795 /* NSDateFormatter+Util.m */ = {isa = PBXFileReference; fileEncoding = 4; lastKnownFileType = sourcecode.c.objc; path = "NSDateFormatter+Util.m"; sourceTree = "<group>"; };
		CA98F37420DAB39700ECF795 /* NSDate+NSDateEx.h */ = {isa = PBXFileReference; fileEncoding = 4; lastKnownFileType = sourcecode.c.h; path = "NSDate+NSDateEx.h"; sourceTree = "<group>"; };
		CA98F37520DAB39700ECF795 /* NSDate+NSDateEx.m */ = {isa = PBXFileReference; fileEncoding = 4; lastKnownFileType = sourcecode.c.objc; path = "NSDate+NSDateEx.m"; sourceTree = "<group>"; };
		CA98F37720DAB39700ECF795 /* NSTimeZone+Util.h */ = {isa = PBXFileReference; fileEncoding = 4; lastKnownFileType = sourcecode.c.h; path = "NSTimeZone+Util.h"; sourceTree = "<group>"; };
		CA98F37820DAB39700ECF795 /* NSTimeZone+Util.m */ = {isa = PBXFileReference; fileEncoding = 4; lastKnownFileType = sourcecode.c.objc; path = "NSTimeZone+Util.m"; sourceTree = "<group>"; };
		CA98F37A20DAB39700ECF795 /* NSString+Util.h */ = {isa = PBXFileReference; fileEncoding = 4; lastKnownFileType = sourcecode.c.h; path = "NSString+Util.h"; sourceTree = "<group>"; };
		CA98F37B20DAB39700ECF795 /* NSString+Util.m */ = {isa = PBXFileReference; fileEncoding = 4; lastKnownFileType = sourcecode.c.objc; path = "NSString+Util.m"; sourceTree = "<group>"; };
		CA98F37D20DAB39700ECF795 /* UIView+Util.h */ = {isa = PBXFileReference; fileEncoding = 4; lastKnownFileType = sourcecode.c.h; path = "UIView+Util.h"; sourceTree = "<group>"; };
		CA98F37E20DAB39700ECF795 /* UIView+Util.m */ = {isa = PBXFileReference; fileEncoding = 4; lastKnownFileType = sourcecode.c.objc; path = "UIView+Util.m"; sourceTree = "<group>"; };
		CAC3C6772101B8D4001CCAFF /* DetailProductSectionCell.h */ = {isa = PBXFileReference; lastKnownFileType = sourcecode.c.h; path = DetailProductSectionCell.h; sourceTree = "<group>"; };
		CAC3C6782101B8D4001CCAFF /* DetailProductSectionCell.m */ = {isa = PBXFileReference; lastKnownFileType = sourcecode.c.objc; path = DetailProductSectionCell.m; sourceTree = "<group>"; };
		CAC3C67A2101B8EE001CCAFF /* DetailProductOverviewCell.h */ = {isa = PBXFileReference; lastKnownFileType = sourcecode.c.h; path = DetailProductOverviewCell.h; sourceTree = "<group>"; };
		CAC3C67B2101B8EE001CCAFF /* DetailProductOverviewCell.m */ = {isa = PBXFileReference; lastKnownFileType = sourcecode.c.objc; path = DetailProductOverviewCell.m; sourceTree = "<group>"; };
		CAE0F88A20E7320000957367 /* TYCyclePagerTransformLayout.h */ = {isa = PBXFileReference; fileEncoding = 4; lastKnownFileType = sourcecode.c.h; path = TYCyclePagerTransformLayout.h; sourceTree = "<group>"; };
		CAE0F88B20E7320000957367 /* TYCyclePagerTransformLayout.m */ = {isa = PBXFileReference; fileEncoding = 4; lastKnownFileType = sourcecode.c.objc; path = TYCyclePagerTransformLayout.m; sourceTree = "<group>"; };
		CAE0F88C20E7320000957367 /* TYCyclePagerView.h */ = {isa = PBXFileReference; fileEncoding = 4; lastKnownFileType = sourcecode.c.h; path = TYCyclePagerView.h; sourceTree = "<group>"; };
		CAE0F88D20E7320000957367 /* TYCyclePagerView.m */ = {isa = PBXFileReference; fileEncoding = 4; lastKnownFileType = sourcecode.c.objc; path = TYCyclePagerView.m; sourceTree = "<group>"; };
		CAE0F88E20E7320000957367 /* TYPageControl.h */ = {isa = PBXFileReference; fileEncoding = 4; lastKnownFileType = sourcecode.c.h; path = TYPageControl.h; sourceTree = "<group>"; };
		CAE0F88F20E7320000957367 /* TYPageControl.m */ = {isa = PBXFileReference; fileEncoding = 4; lastKnownFileType = sourcecode.c.objc; path = TYPageControl.m; sourceTree = "<group>"; };
		CAE0F89720E7348600957367 /* DetailProductCell.h */ = {isa = PBXFileReference; lastKnownFileType = sourcecode.c.h; path = DetailProductCell.h; sourceTree = "<group>"; };
		CAE0F89820E7348600957367 /* DetailProductCell.m */ = {isa = PBXFileReference; lastKnownFileType = sourcecode.c.objc; path = DetailProductCell.m; sourceTree = "<group>"; };
		CAE0F89920E7348600957367 /* DetailProductCell.xib */ = {isa = PBXFileReference; lastKnownFileType = file.xib; path = DetailProductCell.xib; sourceTree = "<group>"; };
/* End PBXFileReference section */

/* Begin PBXFrameworksBuildPhase section */
		CA12ED9A20D52D0E008939DF /* Frameworks */ = {
			isa = PBXFrameworksBuildPhase;
			buildActionMask = 2147483647;
			files = (
				A3A7B33E8AE15E7CF73767F7 /* Pods_ARFurniture.framework in Frameworks */,
			);
			runOnlyForDeploymentPostprocessing = 0;
		};
		CA12EDB420D52D0E008939DF /* Frameworks */ = {
			isa = PBXFrameworksBuildPhase;
			buildActionMask = 2147483647;
			files = (
			);
			runOnlyForDeploymentPostprocessing = 0;
		};
		CA12EDBF20D52D0E008939DF /* Frameworks */ = {
			isa = PBXFrameworksBuildPhase;
			buildActionMask = 2147483647;
			files = (
				2D1732BBBD17DFA0EF69EA40 /* Pods_ARFurnitureUITests.framework in Frameworks */,
			);
			runOnlyForDeploymentPostprocessing = 0;
		};
/* End PBXFrameworksBuildPhase section */

/* Begin PBXGroup section */
		3D08AA862830BD39FBE51523 /* Frameworks */ = {
			isa = PBXGroup;
			children = (
				5DA3CDD126CEBB91807EDF46 /* Pods_ARFurniture.framework */,
				2F2647CD977962E4CE64FFB0 /* Pods_ARFurnitureUITests.framework */,
			);
			name = Frameworks;
			sourceTree = "<group>";
		};
		CA12D95120D6A77000091F5A /* ARFurniture */ = {
			isa = PBXGroup;
			children = (
				CA12D95220D6A77000091F5A /* Classes */,
				CA12D97120D6A77000091F5A /* main.m */,
				CA12D97220D6A77000091F5A /* Resources */,
			);
			path = ARFurniture;
			sourceTree = "<group>";
		};
		CA12D95220D6A77000091F5A /* Classes */ = {
			isa = PBXGroup;
			children = (
				CA98F35A20DAB33200ECF795 /* define.h */,
				CA12D95320D6A77000091F5A /* AppDelegate */,
				CA98F35B20DAB39700ECF795 /* Extensions */,
				CA12D95620D6A77000091F5A /* Base */,
				CA12D95B20D6A77000091F5A /* Controllers */,
				CA12D96B20D6A77000091F5A /* View */,
			);
			path = Classes;
			sourceTree = "<group>";
		};
		CA12D95320D6A77000091F5A /* AppDelegate */ = {
			isa = PBXGroup;
			children = (
				CA12D95420D6A77000091F5A /* AppDelegate.h */,
				CA12D95520D6A77000091F5A /* AppDelegate.m */,
			);
			path = AppDelegate;
			sourceTree = "<group>";
		};
		CA12D95620D6A77000091F5A /* Base */ = {
			isa = PBXGroup;
			children = (
				CA7C9AEC20FCAF4E00F1143B /* SlideNavigationController */,
				CA98F35620DAB31E00ECF795 /* BaseCell */,
				CA98F35220DAB31700ECF795 /* BaseDto */,
				CA98F34E20DAB30D00ECF795 /* BaseColCell */,
				CA98F34920DAB2FA00ECF795 /* BaseClv */,
				CA98F34620DAB2FA00ECF795 /* BaseTbv */,
				CA763BE620D97059007BBC24 /* NavVC */,
				CA12D95720D6A77000091F5A /* BaseVC */,
			);
			path = Base;
			sourceTree = "<group>";
		};
		CA12D95720D6A77000091F5A /* BaseVC */ = {
			isa = PBXGroup;
			children = (
				CA12D95820D6A77000091F5A /* BaseVC.h */,
				CA12D95920D6A77000091F5A /* BaseVC.m */,
			);
			path = BaseVC;
			sourceTree = "<group>";
		};
		CA12D95B20D6A77000091F5A /* Controllers */ = {
			isa = PBXGroup;
			children = (
				CA504AFC21086F0A0021B8A9 /* WelcomeVC */,
				CA7C9ACD20FCA60000F1143B /* ProductsArkit */,
				CA98F34220DAB2CB00ECF795 /* MenuVC */,
				CA763BE220D96B55007BBC24 /* BaseMenu */,
				CA763B1420D967AD007BBC24 /* Login */,
				CA12D95C20D6A77000091F5A /* ExpertsController */,
				CA12D95F20D6A77000091F5A /* InspirationController */,
				CA12D96620D6A77000091F5A /* ProductsController */,
				CA4127D120E72A92008DCAF6 /* DetailProductController */,
				CA12D96320D6A77000091F5A /* MainController */,
			);
			path = Controllers;
			sourceTree = "<group>";
		};
		CA12D95C20D6A77000091F5A /* ExpertsController */ = {
			isa = PBXGroup;
			children = (
				CA12D95D20D6A77000091F5A /* ExpertsController.h */,
				CA12D95E20D6A77000091F5A /* ExpertsController.m */,
			);
			path = ExpertsController;
			sourceTree = "<group>";
		};
		CA12D95F20D6A77000091F5A /* InspirationController */ = {
			isa = PBXGroup;
			children = (
				CA3EB15C20DDED25004E2DFD /* InspirationTableViewCell */,
				CA3EB16320DDEDC4004E2DFD /* InspirationController.h */,
				CA3EB16420DDEDC4004E2DFD /* InspirationController.m */,
			);
			path = InspirationController;
			sourceTree = "<group>";
		};
		CA12D96320D6A77000091F5A /* MainController */ = {
			isa = PBXGroup;
			children = (
				CA12D96420D6A77000091F5A /* MainController.h */,
				CA12D96520D6A77000091F5A /* MainController.m */,
			);
			path = MainController;
			sourceTree = "<group>";
		};
		CA12D96620D6A77000091F5A /* ProductsController */ = {
			isa = PBXGroup;
			children = (
				CA778A9720DBEFA70043C071 /* ProductsCollectionViewCell */,
				CA12D96720D6A77000091F5A /* ProductsController.h */,
				CA12D96820D6A77000091F5A /* ProductsController.m */,
			);
			path = ProductsController;
			sourceTree = "<group>";
		};
		CA12D96B20D6A77000091F5A /* View */ = {
			isa = PBXGroup;
			children = (
				CAE0F88920E7320000957367 /* TYCyclePagerView */,
				CA12D96C20D6A77000091F5A /* YALSunnyRefreshControll */,
			);
			path = View;
			sourceTree = "<group>";
		};
		CA12D96C20D6A77000091F5A /* YALSunnyRefreshControll */ = {
			isa = PBXGroup;
			children = (
				CA12D96D20D6A77000091F5A /* YALSunnyRefreshControl.h */,
				CA12D96E20D6A77000091F5A /* YALSunnyRefreshControl.m */,
				CA12D96F20D6A77000091F5A /* YALSunnyRefreshControl.xib */,
			);
			path = YALSunnyRefreshControll;
			sourceTree = "<group>";
		};
		CA12D97220D6A77000091F5A /* Resources */ = {
			isa = PBXGroup;
			children = (
				CA12D97320D6A77000091F5A /* Images */,
				CA12D97620D6A77000091F5A /* Storyboards */,
			);
			path = Resources;
			sourceTree = "<group>";
		};
		CA12D97320D6A77000091F5A /* Images */ = {
			isa = PBXGroup;
			children = (
				CA7C9AE620FCACE300F1143B /* Assets.xcassets */,
				CA12D97420D6A77000091F5A /* art.scnassets */,
			);
			path = Images;
			sourceTree = "<group>";
		};
		CA12D97620D6A77000091F5A /* Storyboards */ = {
			isa = PBXGroup;
			children = (
				CA12D97720D6A77000091F5A /* LaunchScreen.storyboard */,
				CA12D97920D6A77000091F5A /* Main.storyboard */,
				CA3CEB5020E284C00017A990 /* Products.storyboard */,
				CA3CEB5220E284E60017A990 /* Inspirations.storyboard */,
				CA3CEB5420E285030017A990 /* Experts.storyboard */,
			);
			path = Storyboards;
			sourceTree = "<group>";
		};
		CA12ED9420D52D0E008939DF = {
			isa = PBXGroup;
			children = (
				CA12D95120D6A77000091F5A /* ARFurniture */,
				CA7C9B0420FCB09100F1143B /* Info.plist */,
				CA12EDBA20D52D0E008939DF /* ARFurnitureTests */,
				CA12EDC520D52D0E008939DF /* ARFurnitureUITests */,
				CA12ED9E20D52D0E008939DF /* Products */,
				E72093DF000FAFC7659A2E1B /* Pods */,
				3D08AA862830BD39FBE51523 /* Frameworks */,
			);
			sourceTree = "<group>";
		};
		CA12ED9E20D52D0E008939DF /* Products */ = {
			isa = PBXGroup;
			children = (
				CA12ED9D20D52D0E008939DF /* ARFurniture.app */,
				CA12EDB720D52D0E008939DF /* ARFurnitureTests.xctest */,
				CA12EDC220D52D0E008939DF /* ARFurnitureUITests.xctest */,
			);
			name = Products;
			sourceTree = "<group>";
		};
		CA12EDBA20D52D0E008939DF /* ARFurnitureTests */ = {
			isa = PBXGroup;
			children = (
				CA12EDBB20D52D0E008939DF /* ARFurnitureTests.m */,
				CA12EDBD20D52D0E008939DF /* Info.plist */,
			);
			path = ARFurnitureTests;
			sourceTree = "<group>";
		};
		CA12EDC520D52D0E008939DF /* ARFurnitureUITests */ = {
			isa = PBXGroup;
			children = (
				CA12EDC620D52D0E008939DF /* ARFurnitureUITests.m */,
				CA12EDC820D52D0E008939DF /* Info.plist */,
			);
			path = ARFurnitureUITests;
			sourceTree = "<group>";
		};
		CA3EB15C20DDED25004E2DFD /* InspirationTableViewCell */ = {
			isa = PBXGroup;
			children = (
				CA6F13DA2103F24500C1F8A5 /* InspirationLagreTableViewCell */,
				CA3EB16620DDF3BE004E2DFD /* InspirationDefaultTableViewCell */,
				CA3EB16720DDF3D2004E2DFD /* InspirationStripTableViewCell */,
			);
			path = InspirationTableViewCell;
			sourceTree = "<group>";
		};
		CA3EB16620DDF3BE004E2DFD /* InspirationDefaultTableViewCell */ = {
			isa = PBXGroup;
			children = (
				CA3EB15D20DDED7A004E2DFD /* InspirationTableViewCell.h */,
				CA3EB15E20DDED7A004E2DFD /* InspirationTableViewCell.m */,
				CA3EB15F20DDED7A004E2DFD /* InspirationTableViewCell.xib */,
			);
			path = InspirationDefaultTableViewCell;
			sourceTree = "<group>";
		};
		CA3EB16720DDF3D2004E2DFD /* InspirationStripTableViewCell */ = {
			isa = PBXGroup;
			children = (
				CA3EB16820DDF3F4004E2DFD /* InspirationStripTableViewCell.h */,
				CA3EB16920DDF3F4004E2DFD /* InspirationStripTableViewCell.m */,
				CA6F13E021041ABC00C1F8A5 /* InspirationStripTableViewCell.xib */,
			);
			path = InspirationStripTableViewCell;
			sourceTree = "<group>";
		};
		CA4127D120E72A92008DCAF6 /* DetailProductController */ = {
			isa = PBXGroup;
			children = (
				CAC3C6752101B89B001CCAFF /* DetailProductTableViewCell */,
				CAE0F89320E7344800957367 /* DetailProductCell */,
				CA4127D220E72ABF008DCAF6 /* DetailProductController.h */,
				CA4127D320E72ABF008DCAF6 /* DetailProductController.m */,
			);
			path = DetailProductController;
			sourceTree = "<group>";
		};
		CA504AFC21086F0A0021B8A9 /* WelcomeVC */ = {
			isa = PBXGroup;
			children = (
				CA504AFD210873A10021B8A9 /* WelcomeVC.h */,
				CA504AFE210873A10021B8A9 /* WelcomeVC.m */,
			);
			path = WelcomeVC;
			sourceTree = "<group>";
		};
		CA6F13DA2103F24500C1F8A5 /* InspirationLagreTableViewCell */ = {
			isa = PBXGroup;
			children = (
				CA6F13DB2103F2A900C1F8A5 /* InspirationLagreTableViewCell.h */,
				CA6F13DC2103F2A900C1F8A5 /* InspirationLagreTableViewCell.m */,
				CA6F13DD2103F2A900C1F8A5 /* InspirationLagreTableViewCell.xib */,
			);
			path = InspirationLagreTableViewCell;
			sourceTree = "<group>";
		};
		CA763B1420D967AD007BBC24 /* Login */ = {
			isa = PBXGroup;
			children = (
				CA763B1520D96832007BBC24 /* LoginController.h */,
				CA763B1620D96832007BBC24 /* LoginController.m */,
			);
			path = Login;
			sourceTree = "<group>";
		};
		CA763BE220D96B55007BBC24 /* BaseMenu */ = {
			isa = PBXGroup;
			children = (
				CA763BE420D96B60007BBC24 /* CAPSPageMenu.h */,
				CA763BE320D96B5F007BBC24 /* CAPSPageMenu.m */,
			);
			path = BaseMenu;
			sourceTree = "<group>";
		};
		CA763BE620D97059007BBC24 /* NavVC */ = {
			isa = PBXGroup;
			children = (
				CA763BEA20D97098007BBC24 /* NavVC.h */,
				CA763BEB20D97098007BBC24 /* NavVC.m */,
			);
			path = NavVC;
			sourceTree = "<group>";
		};
		CA778A9720DBEFA70043C071 /* ProductsCollectionViewCell */ = {
			isa = PBXGroup;
			children = (
				CA778A9820DBEFD60043C071 /* ProductsCollectionViewCell.h */,
				CA778A9920DBEFD60043C071 /* ProductsCollectionViewCell.m */,
				CA778A9A20DBEFD60043C071 /* ProductsCollectionViewCell.xib */,
			);
			path = ProductsCollectionViewCell;
			sourceTree = "<group>";
		};
		CA7C9ACD20FCA60000F1143B /* ProductsArkit */ = {
			isa = PBXGroup;
			children = (
				CA7C9AD120FCA64000F1143B /* ARAlertController */,
				CA7C9AD020FCA63800F1143B /* ARSCNViewControl */,
				CA7C9ACF20FCA62E00F1143B /* ARGestureControl */,
				CA7C9ACE20FCA61D00F1143B /* ARViewController */,
			);
			path = ProductsArkit;
			sourceTree = "<group>";
		};
		CA7C9ACE20FCA61D00F1143B /* ARViewController */ = {
			isa = PBXGroup;
			children = (
				CA7C9ADC20FCA66400F1143B /* ARViewController.h */,
				CA7C9ADB20FCA66400F1143B /* ARViewController.m */,
			);
			path = ARViewController;
			sourceTree = "<group>";
		};
		CA7C9ACF20FCA62E00F1143B /* ARGestureControl */ = {
			isa = PBXGroup;
			children = (
				CA7C9AD920FCA65E00F1143B /* ARGestureControl.h */,
				CA7C9AD820FCA65E00F1143B /* ARGestureControl.m */,
			);
			path = ARGestureControl;
			sourceTree = "<group>";
		};
		CA7C9AD020FCA63800F1143B /* ARSCNViewControl */ = {
			isa = PBXGroup;
			children = (
				CA7C9AD520FCA65700F1143B /* ARSCNViewControl.h */,
				CA7C9AD620FCA65700F1143B /* ARSCNViewControl.m */,
			);
			path = ARSCNViewControl;
			sourceTree = "<group>";
		};
		CA7C9AD120FCA64000F1143B /* ARAlertController */ = {
			isa = PBXGroup;
			children = (
				CA7C9AD220FCA64F00F1143B /* ARAlertController.h */,
				CA7C9AD320FCA64F00F1143B /* ARAlertController.m */,
			);
			path = ARAlertController;
			sourceTree = "<group>";
		};
		CA7C9AEC20FCAF4E00F1143B /* SlideNavigationController */ = {
			isa = PBXGroup;
			children = (
				CA7C9AED20FCAF4E00F1143B /* AnimationsSlideNav */,
				CA7C9AF920FCAF4E00F1143B /* SlideNavigationController.h */,
				CA7C9AFA20FCAF4E00F1143B /* SlideNavigationController.m */,
			);
			path = SlideNavigationController;
			sourceTree = "<group>";
		};
		CA7C9AED20FCAF4E00F1143B /* AnimationsSlideNav */ = {
			isa = PBXGroup;
			children = (
				CA7C9AEE20FCAF4E00F1143B /* SlideNavigationContorllerAnimator.h */,
				CA7C9AEF20FCAF4E00F1143B /* SlideNavigationContorllerAnimatorFade.h */,
				CA7C9AF020FCAF4E00F1143B /* SlideNavigationContorllerAnimatorFade.m */,
				CA7C9AF120FCAF4E00F1143B /* SlideNavigationContorllerAnimatorScale.h */,
				CA7C9AF220FCAF4E00F1143B /* SlideNavigationContorllerAnimatorScale.m */,
				CA7C9AF320FCAF4E00F1143B /* SlideNavigationContorllerAnimatorScaleAndFade.h */,
				CA7C9AF420FCAF4E00F1143B /* SlideNavigationContorllerAnimatorScaleAndFade.m */,
				CA7C9AF520FCAF4E00F1143B /* SlideNavigationContorllerAnimatorSlide.h */,
				CA7C9AF620FCAF4E00F1143B /* SlideNavigationContorllerAnimatorSlide.m */,
				CA7C9AF720FCAF4E00F1143B /* SlideNavigationContorllerAnimatorSlideAndFade.h */,
				CA7C9AF820FCAF4E00F1143B /* SlideNavigationContorllerAnimatorSlideAndFade.m */,
			);
			path = AnimationsSlideNav;
			sourceTree = "<group>";
		};
		CA98F34220DAB2CB00ECF795 /* MenuVC */ = {
			isa = PBXGroup;
			children = (
				CA98F34320DAB2CB00ECF795 /* MenuVC.h */,
				CA98F34420DAB2CB00ECF795 /* MenuVC.m */,
			);
			path = MenuVC;
			sourceTree = "<group>";
		};
		CA98F34620DAB2FA00ECF795 /* BaseTbv */ = {
			isa = PBXGroup;
			children = (
				CA98F34720DAB2FA00ECF795 /* BaseTBV.h */,
				CA98F34820DAB2FA00ECF795 /* BaseTBV.m */,
			);
			path = BaseTbv;
			sourceTree = "<group>";
		};
		CA98F34920DAB2FA00ECF795 /* BaseClv */ = {
			isa = PBXGroup;
			children = (
				CA98F34A20DAB2FA00ECF795 /* BaseClv.h */,
				CA98F34B20DAB2FA00ECF795 /* BaseClv.m */,
			);
			path = BaseClv;
			sourceTree = "<group>";
		};
		CA98F34E20DAB30D00ECF795 /* BaseColCell */ = {
			isa = PBXGroup;
			children = (
				CA98F34F20DAB30D00ECF795 /* BaseColCell.h */,
				CA98F35020DAB30D00ECF795 /* BaseColCell.m */,
			);
			path = BaseColCell;
			sourceTree = "<group>";
		};
		CA98F35220DAB31700ECF795 /* BaseDto */ = {
			isa = PBXGroup;
			children = (
				CA98F35320DAB31700ECF795 /* BaseDto.h */,
				CA98F35420DAB31700ECF795 /* BaseDto.m */,
			);
			path = BaseDto;
			sourceTree = "<group>";
		};
		CA98F35620DAB31E00ECF795 /* BaseCell */ = {
			isa = PBXGroup;
			children = (
				CA7C9B0120FCAF7800F1143B /* BaseCell.h */,
				CA7C9B0220FCAF7800F1143B /* BaseCell.m */,
			);
			name = BaseCell;
			path = ../../../../../Financial_Manager_iOS/FinacialManager_iOS/FinacialManager_iOS/Classes/Base/BaseCell;
			sourceTree = "<group>";
		};
		CA98F35B20DAB39700ECF795 /* Extensions */ = {
			isa = PBXGroup;
			children = (
				CA98F35C20DAB39700ECF795 /* Button */,
				CA98F35F20DAB39700ECF795 /* HButton */,
				CA98F36220DAB39700ECF795 /* NSDate */,
				CA98F37920DAB39700ECF795 /* NSString */,
				CA98F37C20DAB39700ECF795 /* View */,
			);
			path = Extensions;
			sourceTree = "<group>";
		};
		CA98F35C20DAB39700ECF795 /* Button */ = {
			isa = PBXGroup;
			children = (
				CA98F35D20DAB39700ECF795 /* UIButton+Button.h */,
				CA98F35E20DAB39700ECF795 /* UIButton+Button.m */,
			);
			path = Button;
			sourceTree = "<group>";
		};
		CA98F35F20DAB39700ECF795 /* HButton */ = {
			isa = PBXGroup;
			children = (
				CA98F36020DAB39700ECF795 /* HButton.h */,
				CA98F36120DAB39700ECF795 /* HButton.m */,
			);
			path = HButton;
			sourceTree = "<group>";
		};
		CA98F36220DAB39700ECF795 /* NSDate */ = {
			isa = PBXGroup;
			children = (
				CA98F36320DAB39700ECF795 /* Category */,
				CA98F37020DAB39700ECF795 /* DateFormatter */,
				CA98F37320DAB39700ECF795 /* NSDateEx */,
				CA98F37620DAB39700ECF795 /* TimeZone */,
			);
			path = NSDate;
			sourceTree = "<group>";
		};
		CA98F36320DAB39700ECF795 /* Category */ = {
			isa = PBXGroup;
			children = (
				CA98F36420DAB39700ECF795 /* Alert */,
				CA98F36520DAB39700ECF795 /* Date */,
				CA98F36620DAB39700ECF795 /* DateFormatter */,
				CA98F36720DAB39700ECF795 /* HDate */,
				CA98F36820DAB39700ECF795 /* HLabel */,
				CA98F36920DAB39700ECF795 /* NavigationController */,
				CA98F36A20DAB39700ECF795 /* NSString */,
				CA98F36B20DAB39700ECF795 /* TimeZone */,
				CA98F36C20DAB39700ECF795 /* UIImage */,
				CA98F36D20DAB39700ECF795 /* UIScrollView */,
				CA98F36E20DAB39700ECF795 /* ULTextView */,
				CA98F36F20DAB39700ECF795 /* View */,
			);
			path = Category;
			sourceTree = "<group>";
		};
		CA98F36420DAB39700ECF795 /* Alert */ = {
			isa = PBXGroup;
			children = (
			);
			path = Alert;
			sourceTree = "<group>";
		};
		CA98F36520DAB39700ECF795 /* Date */ = {
			isa = PBXGroup;
			children = (
			);
			path = Date;
			sourceTree = "<group>";
		};
		CA98F36620DAB39700ECF795 /* DateFormatter */ = {
			isa = PBXGroup;
			children = (
			);
			path = DateFormatter;
			sourceTree = "<group>";
		};
		CA98F36720DAB39700ECF795 /* HDate */ = {
			isa = PBXGroup;
			children = (
			);
			path = HDate;
			sourceTree = "<group>";
		};
		CA98F36820DAB39700ECF795 /* HLabel */ = {
			isa = PBXGroup;
			children = (
			);
			path = HLabel;
			sourceTree = "<group>";
		};
		CA98F36920DAB39700ECF795 /* NavigationController */ = {
			isa = PBXGroup;
			children = (
			);
			path = NavigationController;
			sourceTree = "<group>";
		};
		CA98F36A20DAB39700ECF795 /* NSString */ = {
			isa = PBXGroup;
			children = (
			);
			path = NSString;
			sourceTree = "<group>";
		};
		CA98F36B20DAB39700ECF795 /* TimeZone */ = {
			isa = PBXGroup;
			children = (
			);
			path = TimeZone;
			sourceTree = "<group>";
		};
		CA98F36C20DAB39700ECF795 /* UIImage */ = {
			isa = PBXGroup;
			children = (
			);
			path = UIImage;
			sourceTree = "<group>";
		};
		CA98F36D20DAB39700ECF795 /* UIScrollView */ = {
			isa = PBXGroup;
			children = (
			);
			path = UIScrollView;
			sourceTree = "<group>";
		};
		CA98F36E20DAB39700ECF795 /* ULTextView */ = {
			isa = PBXGroup;
			children = (
			);
			path = ULTextView;
			sourceTree = "<group>";
		};
		CA98F36F20DAB39700ECF795 /* View */ = {
			isa = PBXGroup;
			children = (
			);
			path = View;
			sourceTree = "<group>";
		};
		CA98F37020DAB39700ECF795 /* DateFormatter */ = {
			isa = PBXGroup;
			children = (
				CA98F37120DAB39700ECF795 /* NSDateFormatter+Util.h */,
				CA98F37220DAB39700ECF795 /* NSDateFormatter+Util.m */,
			);
			path = DateFormatter;
			sourceTree = "<group>";
		};
		CA98F37320DAB39700ECF795 /* NSDateEx */ = {
			isa = PBXGroup;
			children = (
				CA98F37420DAB39700ECF795 /* NSDate+NSDateEx.h */,
				CA98F37520DAB39700ECF795 /* NSDate+NSDateEx.m */,
			);
			path = NSDateEx;
			sourceTree = "<group>";
		};
		CA98F37620DAB39700ECF795 /* TimeZone */ = {
			isa = PBXGroup;
			children = (
				CA98F37720DAB39700ECF795 /* NSTimeZone+Util.h */,
				CA98F37820DAB39700ECF795 /* NSTimeZone+Util.m */,
			);
			path = TimeZone;
			sourceTree = "<group>";
		};
		CA98F37920DAB39700ECF795 /* NSString */ = {
			isa = PBXGroup;
			children = (
				CA98F37A20DAB39700ECF795 /* NSString+Util.h */,
				CA98F37B20DAB39700ECF795 /* NSString+Util.m */,
			);
			path = NSString;
			sourceTree = "<group>";
		};
		CA98F37C20DAB39700ECF795 /* View */ = {
			isa = PBXGroup;
			children = (
				CA98F37D20DAB39700ECF795 /* UIView+Util.h */,
				CA98F37E20DAB39700ECF795 /* UIView+Util.m */,
			);
			path = View;
			sourceTree = "<group>";
		};
		CAC3C6752101B89B001CCAFF /* DetailProductTableViewCell */ = {
			isa = PBXGroup;
			children = (
				CAC3C6772101B8D4001CCAFF /* DetailProductSectionCell.h */,
				CAC3C6782101B8D4001CCAFF /* DetailProductSectionCell.m */,
				CAC3C67A2101B8EE001CCAFF /* DetailProductOverviewCell.h */,
				CAC3C67B2101B8EE001CCAFF /* DetailProductOverviewCell.m */,
			);
			path = DetailProductTableViewCell;
			sourceTree = "<group>";
		};
		CAE0F88920E7320000957367 /* TYCyclePagerView */ = {
			isa = PBXGroup;
			children = (
				CAE0F88A20E7320000957367 /* TYCyclePagerTransformLayout.h */,
				CAE0F88B20E7320000957367 /* TYCyclePagerTransformLayout.m */,
				CAE0F88C20E7320000957367 /* TYCyclePagerView.h */,
				CAE0F88D20E7320000957367 /* TYCyclePagerView.m */,
				CAE0F88E20E7320000957367 /* TYPageControl.h */,
				CAE0F88F20E7320000957367 /* TYPageControl.m */,
			);
			path = TYCyclePagerView;
			sourceTree = "<group>";
		};
		CAE0F89320E7344800957367 /* DetailProductCell */ = {
			isa = PBXGroup;
			children = (
				CAE0F89720E7348600957367 /* DetailProductCell.h */,
				CAE0F89820E7348600957367 /* DetailProductCell.m */,
				CAE0F89920E7348600957367 /* DetailProductCell.xib */,
			);
			path = DetailProductCell;
			sourceTree = "<group>";
		};
		E72093DF000FAFC7659A2E1B /* Pods */ = {
			isa = PBXGroup;
			children = (
				88AA19E577C776CEBC080CF3 /* Pods-ARFurniture.debug.xcconfig */,
				86251809F3CB855E5E89DD32 /* Pods-ARFurniture.release.xcconfig */,
				21BDA3B28157F8A89BA4C51A /* Pods-ARFurnitureUITests.debug.xcconfig */,
				C13144CFE5F8193B1CB76601 /* Pods-ARFurnitureUITests.release.xcconfig */,
			);
			name = Pods;
			sourceTree = "<group>";
		};
/* End PBXGroup section */

/* Begin PBXNativeTarget section */
		CA12ED9C20D52D0E008939DF /* ARFurniture */ = {
			isa = PBXNativeTarget;
			buildConfigurationList = CA12EDCB20D52D0E008939DF /* Build configuration list for PBXNativeTarget "ARFurniture" */;
			buildPhases = (
				C02DB65C8E38D26CA56F546D /* [CP] Check Pods Manifest.lock */,
				CA12ED9920D52D0E008939DF /* Sources */,
				CA12ED9A20D52D0E008939DF /* Frameworks */,
				CA12ED9B20D52D0E008939DF /* Resources */,
				6388BEA599F1774C95E63F4C /* [CP] Embed Pods Frameworks */,
				62EFA2ACAB23B89B65CED1A0 /* [CP] Copy Pods Resources */,
			);
			buildRules = (
			);
			dependencies = (
			);
			name = ARFurniture;
			productName = ARFurniture;
			productReference = CA12ED9D20D52D0E008939DF /* ARFurniture.app */;
			productType = "com.apple.product-type.application";
		};
		CA12EDB620D52D0E008939DF /* ARFurnitureTests */ = {
			isa = PBXNativeTarget;
			buildConfigurationList = CA12EDCE20D52D0E008939DF /* Build configuration list for PBXNativeTarget "ARFurnitureTests" */;
			buildPhases = (
				CA12EDB320D52D0E008939DF /* Sources */,
				CA12EDB420D52D0E008939DF /* Frameworks */,
				CA12EDB520D52D0E008939DF /* Resources */,
			);
			buildRules = (
			);
			dependencies = (
				CA12EDB920D52D0E008939DF /* PBXTargetDependency */,
			);
			name = ARFurnitureTests;
			productName = ARFurnitureTests;
			productReference = CA12EDB720D52D0E008939DF /* ARFurnitureTests.xctest */;
			productType = "com.apple.product-type.bundle.unit-test";
		};
		CA12EDC120D52D0E008939DF /* ARFurnitureUITests */ = {
			isa = PBXNativeTarget;
			buildConfigurationList = CA12EDD120D52D0E008939DF /* Build configuration list for PBXNativeTarget "ARFurnitureUITests" */;
			buildPhases = (
				C84CBC1AADA59C4202B013A4 /* [CP] Check Pods Manifest.lock */,
				CA12EDBE20D52D0E008939DF /* Sources */,
				CA12EDBF20D52D0E008939DF /* Frameworks */,
				CA12EDC020D52D0E008939DF /* Resources */,
				7292DA47CB1128DA1687DB94 /* [CP] Embed Pods Frameworks */,
				F7D2F652E0118C8EF917716A /* [CP] Copy Pods Resources */,
			);
			buildRules = (
			);
			dependencies = (
				CA12EDC420D52D0E008939DF /* PBXTargetDependency */,
			);
			name = ARFurnitureUITests;
			productName = ARFurnitureUITests;
			productReference = CA12EDC220D52D0E008939DF /* ARFurnitureUITests.xctest */;
			productType = "com.apple.product-type.bundle.ui-testing";
		};
/* End PBXNativeTarget section */

/* Begin PBXProject section */
		CA12ED9520D52D0E008939DF /* Project object */ = {
			isa = PBXProject;
			attributes = {
				LastUpgradeCheck = 0920;
				ORGANIZATIONNAME = ThanhSon;
				TargetAttributes = {
					CA12ED9C20D52D0E008939DF = {
						CreatedOnToolsVersion = 9.2;
						ProvisioningStyle = Automatic;
					};
					CA12EDB620D52D0E008939DF = {
						CreatedOnToolsVersion = 9.2;
						ProvisioningStyle = Automatic;
						TestTargetID = CA12ED9C20D52D0E008939DF;
					};
					CA12EDC120D52D0E008939DF = {
						CreatedOnToolsVersion = 9.2;
						ProvisioningStyle = Automatic;
						TestTargetID = CA12ED9C20D52D0E008939DF;
					};
				};
			};
			buildConfigurationList = CA12ED9820D52D0E008939DF /* Build configuration list for PBXProject "ARFurniture" */;
			compatibilityVersion = "Xcode 8.0";
			developmentRegion = en;
			hasScannedForEncodings = 0;
			knownRegions = (
				en,
				Base,
			);
			mainGroup = CA12ED9420D52D0E008939DF;
			productRefGroup = CA12ED9E20D52D0E008939DF /* Products */;
			projectDirPath = "";
			projectRoot = "";
			targets = (
				CA12ED9C20D52D0E008939DF /* ARFurniture */,
				CA12EDB620D52D0E008939DF /* ARFurnitureTests */,
				CA12EDC120D52D0E008939DF /* ARFurnitureUITests */,
			);
		};
/* End PBXProject section */

/* Begin PBXResourcesBuildPhase section */
		CA12ED9B20D52D0E008939DF /* Resources */ = {
			isa = PBXResourcesBuildPhase;
			buildActionMask = 2147483647;
			files = (
				CA3CEB5120E284C00017A990 /* Products.storyboard in Resources */,
				CA3EB16120DDED7A004E2DFD /* InspirationTableViewCell.xib in Resources */,
				CA6F13DF2103F2A900C1F8A5 /* InspirationLagreTableViewCell.xib in Resources */,
				CA12D98520D6A77000091F5A /* art.scnassets in Resources */,
				CA3CEB5520E285030017A990 /* Experts.storyboard in Resources */,
				CAE0F89B20E7348600957367 /* DetailProductCell.xib in Resources */,
				CA12D98820D6A77000091F5A /* Main.storyboard in Resources */,
				CA12D98720D6A77000091F5A /* LaunchScreen.storyboard in Resources */,
				CA3CEB5320E284E60017A990 /* Inspirations.storyboard in Resources */,
				CA6F13E121041ABC00C1F8A5 /* InspirationStripTableViewCell.xib in Resources */,
				CA7C9B0520FCB09100F1143B /* Info.plist in Resources */,
				CA778A9C20DBEFD60043C071 /* ProductsCollectionViewCell.xib in Resources */,
				CA7C9AE720FCACE300F1143B /* Assets.xcassets in Resources */,
				CA12D98220D6A77000091F5A /* YALSunnyRefreshControl.xib in Resources */,
			);
			runOnlyForDeploymentPostprocessing = 0;
		};
		CA12EDB520D52D0E008939DF /* Resources */ = {
			isa = PBXResourcesBuildPhase;
			buildActionMask = 2147483647;
			files = (
			);
			runOnlyForDeploymentPostprocessing = 0;
		};
		CA12EDC020D52D0E008939DF /* Resources */ = {
			isa = PBXResourcesBuildPhase;
			buildActionMask = 2147483647;
			files = (
			);
			runOnlyForDeploymentPostprocessing = 0;
		};
/* End PBXResourcesBuildPhase section */

/* Begin PBXShellScriptBuildPhase section */
		62EFA2ACAB23B89B65CED1A0 /* [CP] Copy Pods Resources */ = {
			isa = PBXShellScriptBuildPhase;
			buildActionMask = 2147483647;
			files = (
			);
			inputPaths = (
			);
			name = "[CP] Copy Pods Resources";
			outputPaths = (
			);
			runOnlyForDeploymentPostprocessing = 0;
			shellPath = /bin/sh;
			shellScript = "\"${SRCROOT}/Pods/Target Support Files/Pods-ARFurniture/Pods-ARFurniture-resources.sh\"\n";
			showEnvVarsInLog = 0;
		};
		6388BEA599F1774C95E63F4C /* [CP] Embed Pods Frameworks */ = {
			isa = PBXShellScriptBuildPhase;
			buildActionMask = 2147483647;
			files = (
			);
			inputPaths = (
				"${SRCROOT}/Pods/Target Support Files/Pods-ARFurniture/Pods-ARFurniture-frameworks.sh",
				"${BUILT_PRODUCTS_DIR}/MBProgressHUD/MBProgressHUD.framework",
				"${BUILT_PRODUCTS_DIR}/PageMenu/PageMenu.framework",
				"${BUILT_PRODUCTS_DIR}/Reachability/Reachability.framework",
				"${BUILT_PRODUCTS_DIR}/SDWebImage/SDWebImage.framework",
			);
			name = "[CP] Embed Pods Frameworks";
			outputPaths = (
				"${TARGET_BUILD_DIR}/${FRAMEWORKS_FOLDER_PATH}/MBProgressHUD.framework",
				"${TARGET_BUILD_DIR}/${FRAMEWORKS_FOLDER_PATH}/PageMenu.framework",
				"${TARGET_BUILD_DIR}/${FRAMEWORKS_FOLDER_PATH}/Reachability.framework",
				"${TARGET_BUILD_DIR}/${FRAMEWORKS_FOLDER_PATH}/SDWebImage.framework",
			);
			runOnlyForDeploymentPostprocessing = 0;
			shellPath = /bin/sh;
			shellScript = "\"${SRCROOT}/Pods/Target Support Files/Pods-ARFurniture/Pods-ARFurniture-frameworks.sh\"\n";
			showEnvVarsInLog = 0;
		};
		7292DA47CB1128DA1687DB94 /* [CP] Embed Pods Frameworks */ = {
			isa = PBXShellScriptBuildPhase;
			buildActionMask = 2147483647;
			files = (
			);
			inputPaths = (
			);
			name = "[CP] Embed Pods Frameworks";
			outputPaths = (
			);
			runOnlyForDeploymentPostprocessing = 0;
			shellPath = /bin/sh;
			shellScript = "\"${SRCROOT}/Pods/Target Support Files/Pods-ARFurnitureUITests/Pods-ARFurnitureUITests-frameworks.sh\"\n";
			showEnvVarsInLog = 0;
		};
		C02DB65C8E38D26CA56F546D /* [CP] Check Pods Manifest.lock */ = {
			isa = PBXShellScriptBuildPhase;
			buildActionMask = 2147483647;
			files = (
			);
			inputPaths = (
				"${PODS_PODFILE_DIR_PATH}/Podfile.lock",
				"${PODS_ROOT}/Manifest.lock",
			);
			name = "[CP] Check Pods Manifest.lock";
			outputPaths = (
				"$(DERIVED_FILE_DIR)/Pods-ARFurniture-checkManifestLockResult.txt",
			);
			runOnlyForDeploymentPostprocessing = 0;
			shellPath = /bin/sh;
			shellScript = "diff \"${PODS_PODFILE_DIR_PATH}/Podfile.lock\" \"${PODS_ROOT}/Manifest.lock\" > /dev/null\nif [ $? != 0 ] ; then\n    # print error to STDERR\n    echo \"error: The sandbox is not in sync with the Podfile.lock. Run 'pod install' or update your CocoaPods installation.\" >&2\n    exit 1\nfi\n# This output is used by Xcode 'outputs' to avoid re-running this script phase.\necho \"SUCCESS\" > \"${SCRIPT_OUTPUT_FILE_0}\"\n";
			showEnvVarsInLog = 0;
		};
		C84CBC1AADA59C4202B013A4 /* [CP] Check Pods Manifest.lock */ = {
			isa = PBXShellScriptBuildPhase;
			buildActionMask = 2147483647;
			files = (
			);
			inputPaths = (
				"${PODS_PODFILE_DIR_PATH}/Podfile.lock",
				"${PODS_ROOT}/Manifest.lock",
			);
			name = "[CP] Check Pods Manifest.lock";
			outputPaths = (
				"$(DERIVED_FILE_DIR)/Pods-ARFurnitureUITests-checkManifestLockResult.txt",
			);
			runOnlyForDeploymentPostprocessing = 0;
			shellPath = /bin/sh;
			shellScript = "diff \"${PODS_PODFILE_DIR_PATH}/Podfile.lock\" \"${PODS_ROOT}/Manifest.lock\" > /dev/null\nif [ $? != 0 ] ; then\n    # print error to STDERR\n    echo \"error: The sandbox is not in sync with the Podfile.lock. Run 'pod install' or update your CocoaPods installation.\" >&2\n    exit 1\nfi\n# This output is used by Xcode 'outputs' to avoid re-running this script phase.\necho \"SUCCESS\" > \"${SCRIPT_OUTPUT_FILE_0}\"\n";
			showEnvVarsInLog = 0;
		};
		F7D2F652E0118C8EF917716A /* [CP] Copy Pods Resources */ = {
			isa = PBXShellScriptBuildPhase;
			buildActionMask = 2147483647;
			files = (
			);
			inputPaths = (
			);
			name = "[CP] Copy Pods Resources";
			outputPaths = (
			);
			runOnlyForDeploymentPostprocessing = 0;
			shellPath = /bin/sh;
			shellScript = "\"${SRCROOT}/Pods/Target Support Files/Pods-ARFurnitureUITests/Pods-ARFurnitureUITests-resources.sh\"\n";
			showEnvVarsInLog = 0;
		};
/* End PBXShellScriptBuildPhase section */

/* Begin PBXSourcesBuildPhase section */
		CA12ED9920D52D0E008939DF /* Sources */ = {
			isa = PBXSourcesBuildPhase;
			buildActionMask = 2147483647;
			files = (
				CA98F38520DAB39700ECF795 /* UIView+Util.m in Sources */,
				CA98F34C20DAB2FA00ECF795 /* BaseTBV.m in Sources */,
				CA12D97B20D6A77000091F5A /* AppDelegate.m in Sources */,
				CA98F35520DAB31700ECF795 /* BaseDto.m in Sources */,
				CA7C9AFF20FCAF4E00F1143B /* SlideNavigationContorllerAnimatorSlideAndFade.m in Sources */,
				CA12D97C20D6A77000091F5A /* BaseVC.m in Sources */,
				CA4127D420E72ABF008DCAF6 /* DetailProductController.m in Sources */,
				CA3EB16520DDEDC4004E2DFD /* InspirationController.m in Sources */,
				CA7C9AD720FCA65700F1143B /* ARSCNViewControl.m in Sources */,
				CAE0F89120E7320000957367 /* TYCyclePagerView.m in Sources */,
				CA7C9AFD20FCAF4E00F1143B /* SlideNavigationContorllerAnimatorScaleAndFade.m in Sources */,
				CA7C9AD420FCA64F00F1143B /* ARAlertController.m in Sources */,
				CA7C9AFE20FCAF4E00F1143B /* SlideNavigationContorllerAnimatorSlide.m in Sources */,
				CA98F38320DAB39700ECF795 /* NSTimeZone+Util.m in Sources */,
				CA6F13DE2103F2A900C1F8A5 /* InspirationLagreTableViewCell.m in Sources */,
				CA3EB16020DDED7A004E2DFD /* InspirationTableViewCell.m in Sources */,
				CA778A9B20DBEFD60043C071 /* ProductsCollectionViewCell.m in Sources */,
				CA98F34520DAB2CB00ECF795 /* MenuVC.m in Sources */,
				CA7C9ADA20FCA65E00F1143B /* ARGestureControl.m in Sources */,
				CAE0F89020E7320000957367 /* TYCyclePagerTransformLayout.m in Sources */,
				CA7C9ADD20FCA66400F1143B /* ARViewController.m in Sources */,
				CA98F38220DAB39700ECF795 /* NSDate+NSDateEx.m in Sources */,
				CA12D98120D6A77000091F5A /* YALSunnyRefreshControl.m in Sources */,
				CA98F38020DAB39700ECF795 /* HButton.m in Sources */,
				CA12D97F20D6A77000091F5A /* MainController.m in Sources */,
				CA98F35120DAB30D00ECF795 /* BaseColCell.m in Sources */,
				CA98F37F20DAB39700ECF795 /* UIButton+Button.m in Sources */,
				CA7C9B0020FCAF4E00F1143B /* SlideNavigationController.m in Sources */,
				CA98F38120DAB39700ECF795 /* NSDateFormatter+Util.m in Sources */,
				CA12D97D20D6A77000091F5A /* ExpertsController.m in Sources */,
				CA12D98420D6A77000091F5A /* main.m in Sources */,
				CAE0F89A20E7348600957367 /* DetailProductCell.m in Sources */,
				CA7C9AFB20FCAF4E00F1143B /* SlideNavigationContorllerAnimatorFade.m in Sources */,
				CA12D98020D6A77000091F5A /* ProductsController.m in Sources */,
				CA3EB16A20DDF3F4004E2DFD /* InspirationStripTableViewCell.m in Sources */,
				CA98F38420DAB39700ECF795 /* NSString+Util.m in Sources */,
				CA763BEC20D97098007BBC24 /* NavVC.m in Sources */,
				CA7C9AFC20FCAF4E00F1143B /* SlideNavigationContorllerAnimatorScale.m in Sources */,
				CAC3C6792101B8D4001CCAFF /* DetailProductSectionCell.m in Sources */,
				CA763BE520D96B60007BBC24 /* CAPSPageMenu.m in Sources */,
				CA98F34D20DAB2FA00ECF795 /* BaseClv.m in Sources */,
				CA763B1720D96832007BBC24 /* LoginController.m in Sources */,
				CAC3C67C2101B8EE001CCAFF /* DetailProductOverviewCell.m in Sources */,
				CA504AFF210873A10021B8A9 /* WelcomeVC.m in Sources */,
				CAE0F89220E7320000957367 /* TYPageControl.m in Sources */,
				CA7C9B0320FCAF7800F1143B /* BaseCell.m in Sources */,
			);
			runOnlyForDeploymentPostprocessing = 0;
		};
		CA12EDB320D52D0E008939DF /* Sources */ = {
			isa = PBXSourcesBuildPhase;
			buildActionMask = 2147483647;
			files = (
				CA12EDBC20D52D0E008939DF /* ARFurnitureTests.m in Sources */,
			);
			runOnlyForDeploymentPostprocessing = 0;
		};
		CA12EDBE20D52D0E008939DF /* Sources */ = {
			isa = PBXSourcesBuildPhase;
			buildActionMask = 2147483647;
			files = (
				CA12EDC720D52D0E008939DF /* ARFurnitureUITests.m in Sources */,
			);
			runOnlyForDeploymentPostprocessing = 0;
		};
/* End PBXSourcesBuildPhase section */

/* Begin PBXTargetDependency section */
		CA12EDB920D52D0E008939DF /* PBXTargetDependency */ = {
			isa = PBXTargetDependency;
			target = CA12ED9C20D52D0E008939DF /* ARFurniture */;
			targetProxy = CA12EDB820D52D0E008939DF /* PBXContainerItemProxy */;
		};
		CA12EDC420D52D0E008939DF /* PBXTargetDependency */ = {
			isa = PBXTargetDependency;
			target = CA12ED9C20D52D0E008939DF /* ARFurniture */;
			targetProxy = CA12EDC320D52D0E008939DF /* PBXContainerItemProxy */;
		};
/* End PBXTargetDependency section */

/* Begin PBXVariantGroup section */
		CA12D97720D6A77000091F5A /* LaunchScreen.storyboard */ = {
			isa = PBXVariantGroup;
			children = (
				CA12D97820D6A77000091F5A /* Base */,
			);
			name = LaunchScreen.storyboard;
			sourceTree = "<group>";
		};
		CA12D97920D6A77000091F5A /* Main.storyboard */ = {
			isa = PBXVariantGroup;
			children = (
				CA12D97A20D6A77000091F5A /* Base */,
			);
			name = Main.storyboard;
			sourceTree = "<group>";
		};
/* End PBXVariantGroup section */

/* Begin XCBuildConfiguration section */
		CA12EDC920D52D0E008939DF /* Debug */ = {
			isa = XCBuildConfiguration;
			buildSettings = {
				ALWAYS_SEARCH_USER_PATHS = NO;
				CLANG_ANALYZER_NONNULL = YES;
				CLANG_ANALYZER_NUMBER_OBJECT_CONVERSION = YES_AGGRESSIVE;
				CLANG_CXX_LANGUAGE_STANDARD = "gnu++14";
				CLANG_CXX_LIBRARY = "libc++";
				CLANG_ENABLE_MODULES = YES;
				CLANG_ENABLE_OBJC_ARC = YES;
				CLANG_WARN_BLOCK_CAPTURE_AUTORELEASING = YES;
				CLANG_WARN_BOOL_CONVERSION = YES;
				CLANG_WARN_COMMA = YES;
				CLANG_WARN_CONSTANT_CONVERSION = YES;
				CLANG_WARN_DIRECT_OBJC_ISA_USAGE = YES_ERROR;
				CLANG_WARN_DOCUMENTATION_COMMENTS = YES;
				CLANG_WARN_EMPTY_BODY = YES;
				CLANG_WARN_ENUM_CONVERSION = YES;
				CLANG_WARN_INFINITE_RECURSION = YES;
				CLANG_WARN_INT_CONVERSION = YES;
				CLANG_WARN_NON_LITERAL_NULL_CONVERSION = YES;
				CLANG_WARN_OBJC_LITERAL_CONVERSION = YES;
				CLANG_WARN_OBJC_ROOT_CLASS = YES_ERROR;
				CLANG_WARN_RANGE_LOOP_ANALYSIS = YES;
				CLANG_WARN_STRICT_PROTOTYPES = YES;
				CLANG_WARN_SUSPICIOUS_MOVE = YES;
				CLANG_WARN_UNGUARDED_AVAILABILITY = YES_AGGRESSIVE;
				CLANG_WARN_UNREACHABLE_CODE = YES;
				CLANG_WARN__DUPLICATE_METHOD_MATCH = YES;
				CODE_SIGN_IDENTITY = "iPhone Developer";
				COPY_PHASE_STRIP = NO;
				DEBUG_INFORMATION_FORMAT = dwarf;
				ENABLE_STRICT_OBJC_MSGSEND = YES;
				ENABLE_TESTABILITY = YES;
				GCC_C_LANGUAGE_STANDARD = gnu11;
				GCC_DYNAMIC_NO_PIC = NO;
				GCC_NO_COMMON_BLOCKS = YES;
				GCC_OPTIMIZATION_LEVEL = 0;
				GCC_PREPROCESSOR_DEFINITIONS = (
					"DEBUG=1",
					"$(inherited)",
				);
				GCC_WARN_64_TO_32_BIT_CONVERSION = YES;
				GCC_WARN_ABOUT_RETURN_TYPE = YES_ERROR;
				GCC_WARN_UNDECLARED_SELECTOR = YES;
				GCC_WARN_UNINITIALIZED_AUTOS = YES_AGGRESSIVE;
				GCC_WARN_UNUSED_FUNCTION = YES;
				GCC_WARN_UNUSED_VARIABLE = YES;
				IPHONEOS_DEPLOYMENT_TARGET = 11.2;
				MTL_ENABLE_DEBUG_INFO = YES;
				ONLY_ACTIVE_ARCH = YES;
				SDKROOT = iphoneos;
			};
			name = Debug;
		};
		CA12EDCA20D52D0E008939DF /* Release */ = {
			isa = XCBuildConfiguration;
			buildSettings = {
				ALWAYS_SEARCH_USER_PATHS = NO;
				CLANG_ANALYZER_NONNULL = YES;
				CLANG_ANALYZER_NUMBER_OBJECT_CONVERSION = YES_AGGRESSIVE;
				CLANG_CXX_LANGUAGE_STANDARD = "gnu++14";
				CLANG_CXX_LIBRARY = "libc++";
				CLANG_ENABLE_MODULES = YES;
				CLANG_ENABLE_OBJC_ARC = YES;
				CLANG_WARN_BLOCK_CAPTURE_AUTORELEASING = YES;
				CLANG_WARN_BOOL_CONVERSION = YES;
				CLANG_WARN_COMMA = YES;
				CLANG_WARN_CONSTANT_CONVERSION = YES;
				CLANG_WARN_DIRECT_OBJC_ISA_USAGE = YES_ERROR;
				CLANG_WARN_DOCUMENTATION_COMMENTS = YES;
				CLANG_WARN_EMPTY_BODY = YES;
				CLANG_WARN_ENUM_CONVERSION = YES;
				CLANG_WARN_INFINITE_RECURSION = YES;
				CLANG_WARN_INT_CONVERSION = YES;
				CLANG_WARN_NON_LITERAL_NULL_CONVERSION = YES;
				CLANG_WARN_OBJC_LITERAL_CONVERSION = YES;
				CLANG_WARN_OBJC_ROOT_CLASS = YES_ERROR;
				CLANG_WARN_RANGE_LOOP_ANALYSIS = YES;
				CLANG_WARN_STRICT_PROTOTYPES = YES;
				CLANG_WARN_SUSPICIOUS_MOVE = YES;
				CLANG_WARN_UNGUARDED_AVAILABILITY = YES_AGGRESSIVE;
				CLANG_WARN_UNREACHABLE_CODE = YES;
				CLANG_WARN__DUPLICATE_METHOD_MATCH = YES;
				CODE_SIGN_IDENTITY = "iPhone Developer";
				COPY_PHASE_STRIP = NO;
				DEBUG_INFORMATION_FORMAT = "dwarf-with-dsym";
				ENABLE_NS_ASSERTIONS = NO;
				ENABLE_STRICT_OBJC_MSGSEND = YES;
				GCC_C_LANGUAGE_STANDARD = gnu11;
				GCC_NO_COMMON_BLOCKS = YES;
				GCC_WARN_64_TO_32_BIT_CONVERSION = YES;
				GCC_WARN_ABOUT_RETURN_TYPE = YES_ERROR;
				GCC_WARN_UNDECLARED_SELECTOR = YES;
				GCC_WARN_UNINITIALIZED_AUTOS = YES_AGGRESSIVE;
				GCC_WARN_UNUSED_FUNCTION = YES;
				GCC_WARN_UNUSED_VARIABLE = YES;
				IPHONEOS_DEPLOYMENT_TARGET = 11.2;
				MTL_ENABLE_DEBUG_INFO = NO;
				SDKROOT = iphoneos;
				VALIDATE_PRODUCT = YES;
			};
			name = Release;
		};
		CA12EDCC20D52D0E008939DF /* Debug */ = {
			isa = XCBuildConfiguration;
			baseConfigurationReference = 88AA19E577C776CEBC080CF3 /* Pods-ARFurniture.debug.xcconfig */;
			buildSettings = {
				ASSETCATALOG_COMPILER_APPICON_NAME = AppIcon;
				CODE_SIGN_STYLE = Automatic;
				DEVELOPMENT_TEAM = 52BEENW56Y;
				INFOPLIST_FILE = ARFurniture/Info.plist;
				IPHONEOS_DEPLOYMENT_TARGET = 11.2;
				LD_RUNPATH_SEARCH_PATHS = "$(inherited) @executable_path/Frameworks";
				PRODUCT_BUNDLE_IDENTIFIER = ThanhsonApp.ARFurniture;
				PRODUCT_NAME = "$(TARGET_NAME)";
				TARGETED_DEVICE_FAMILY = "1,2";
			};
			name = Debug;
		};
		CA12EDCD20D52D0E008939DF /* Release */ = {
			isa = XCBuildConfiguration;
			baseConfigurationReference = 86251809F3CB855E5E89DD32 /* Pods-ARFurniture.release.xcconfig */;
			buildSettings = {
				ASSETCATALOG_COMPILER_APPICON_NAME = AppIcon;
				CODE_SIGN_STYLE = Automatic;
				DEVELOPMENT_TEAM = 52BEENW56Y;
				INFOPLIST_FILE = ARFurniture/Info.plist;
				IPHONEOS_DEPLOYMENT_TARGET = 11.2;
				LD_RUNPATH_SEARCH_PATHS = "$(inherited) @executable_path/Frameworks";
				PRODUCT_BUNDLE_IDENTIFIER = ThanhsonApp.ARFurniture;
				PRODUCT_NAME = "$(TARGET_NAME)";
				TARGETED_DEVICE_FAMILY = "1,2";
			};
			name = Release;
		};
		CA12EDCF20D52D0E008939DF /* Debug */ = {
			isa = XCBuildConfiguration;
			buildSettings = {
				BUNDLE_LOADER = "$(TEST_HOST)";
				CODE_SIGN_STYLE = Automatic;
				DEVELOPMENT_TEAM = 52BEENW56Y;
				INFOPLIST_FILE = ARFurnitureTests/Info.plist;
				LD_RUNPATH_SEARCH_PATHS = "$(inherited) @executable_path/Frameworks @loader_path/Frameworks";
				PRODUCT_BUNDLE_IDENTIFIER = ThanhsonApp.ARFurnitureTests;
				PRODUCT_NAME = "$(TARGET_NAME)";
				TARGETED_DEVICE_FAMILY = "1,2";
				TEST_HOST = "$(BUILT_PRODUCTS_DIR)/ARFurniture.app/ARFurniture";
			};
			name = Debug;
		};
		CA12EDD020D52D0E008939DF /* Release */ = {
			isa = XCBuildConfiguration;
			buildSettings = {
				BUNDLE_LOADER = "$(TEST_HOST)";
				CODE_SIGN_STYLE = Automatic;
				DEVELOPMENT_TEAM = 52BEENW56Y;
				INFOPLIST_FILE = ARFurnitureTests/Info.plist;
				LD_RUNPATH_SEARCH_PATHS = "$(inherited) @executable_path/Frameworks @loader_path/Frameworks";
				PRODUCT_BUNDLE_IDENTIFIER = ThanhsonApp.ARFurnitureTests;
				PRODUCT_NAME = "$(TARGET_NAME)";
				TARGETED_DEVICE_FAMILY = "1,2";
				TEST_HOST = "$(BUILT_PRODUCTS_DIR)/ARFurniture.app/ARFurniture";
			};
			name = Release;
		};
		CA12EDD220D52D0E008939DF /* Debug */ = {
			isa = XCBuildConfiguration;
			baseConfigurationReference = 21BDA3B28157F8A89BA4C51A /* Pods-ARFurnitureUITests.debug.xcconfig */;
			buildSettings = {
				CODE_SIGN_STYLE = Automatic;
				DEVELOPMENT_TEAM = 52BEENW56Y;
				INFOPLIST_FILE = ARFurnitureUITests/Info.plist;
				LD_RUNPATH_SEARCH_PATHS = "$(inherited) @executable_path/Frameworks @loader_path/Frameworks";
				PRODUCT_BUNDLE_IDENTIFIER = ThanhsonApp.ARFurnitureUITests;
				PRODUCT_NAME = "$(TARGET_NAME)";
				TARGETED_DEVICE_FAMILY = "1,2";
				TEST_TARGET_NAME = ARFurniture;
			};
			name = Debug;
		};
		CA12EDD320D52D0E008939DF /* Release */ = {
			isa = XCBuildConfiguration;
			baseConfigurationReference = C13144CFE5F8193B1CB76601 /* Pods-ARFurnitureUITests.release.xcconfig */;
			buildSettings = {
				CODE_SIGN_STYLE = Automatic;
				DEVELOPMENT_TEAM = 52BEENW56Y;
				INFOPLIST_FILE = ARFurnitureUITests/Info.plist;
				LD_RUNPATH_SEARCH_PATHS = "$(inherited) @executable_path/Frameworks @loader_path/Frameworks";
				PRODUCT_BUNDLE_IDENTIFIER = ThanhsonApp.ARFurnitureUITests;
				PRODUCT_NAME = "$(TARGET_NAME)";
				TARGETED_DEVICE_FAMILY = "1,2";
				TEST_TARGET_NAME = ARFurniture;
			};
			name = Release;
		};
/* End XCBuildConfiguration section */

/* Begin XCConfigurationList section */
		CA12ED9820D52D0E008939DF /* Build configuration list for PBXProject "ARFurniture" */ = {
			isa = XCConfigurationList;
			buildConfigurations = (
				CA12EDC920D52D0E008939DF /* Debug */,
				CA12EDCA20D52D0E008939DF /* Release */,
			);
			defaultConfigurationIsVisible = 0;
			defaultConfigurationName = Release;
		};
		CA12EDCB20D52D0E008939DF /* Build configuration list for PBXNativeTarget "ARFurniture" */ = {
			isa = XCConfigurationList;
			buildConfigurations = (
				CA12EDCC20D52D0E008939DF /* Debug */,
				CA12EDCD20D52D0E008939DF /* Release */,
			);
			defaultConfigurationIsVisible = 0;
			defaultConfigurationName = Release;
		};
		CA12EDCE20D52D0E008939DF /* Build configuration list for PBXNativeTarget "ARFurnitureTests" */ = {
			isa = XCConfigurationList;
			buildConfigurations = (
				CA12EDCF20D52D0E008939DF /* Debug */,
				CA12EDD020D52D0E008939DF /* Release */,
			);
			defaultConfigurationIsVisible = 0;
			defaultConfigurationName = Release;
		};
		CA12EDD120D52D0E008939DF /* Build configuration list for PBXNativeTarget "ARFurnitureUITests" */ = {
			isa = XCConfigurationList;
			buildConfigurations = (
				CA12EDD220D52D0E008939DF /* Debug */,
				CA12EDD320D52D0E008939DF /* Release */,
			);
			defaultConfigurationIsVisible = 0;
			defaultConfigurationName = Release;
		};
/* End XCConfigurationList section */
	};
	rootObject = CA12ED9520D52D0E008939DF /* Project object */;
}
